// !$*UTF8*$!
{
	archiveVersion = 1;
	classes = {
	};
	objectVersion = 46;
	objects = {

/* Begin PBXBuildFile section */
		65E643951C78423E009E9B6C /* main.m in Sources */ = {isa = PBXBuildFile; fileRef = 65E643941C78423E009E9B6C /* main.m */; };
		65E643981C78423E009E9B6C /* AppDelegate.m in Sources */ = {isa = PBXBuildFile; fileRef = 65E643971C78423E009E9B6C /* AppDelegate.m */; };
		65E6439B1C78423E009E9B6C /* ViewController.m in Sources */ = {isa = PBXBuildFile; fileRef = 65E6439A1C78423E009E9B6C /* ViewController.m */; };
		65E6439E1C78423E009E9B6C /* Main.storyboard in Resources */ = {isa = PBXBuildFile; fileRef = 65E6439C1C78423E009E9B6C /* Main.storyboard */; };
		65E643A01C78423E009E9B6C /* Assets.xcassets in Resources */ = {isa = PBXBuildFile; fileRef = 65E6439F1C78423E009E9B6C /* Assets.xcassets */; };
		65E643A31C78423E009E9B6C /* LaunchScreen.storyboard in Resources */ = {isa = PBXBuildFile; fileRef = 65E643A11C78423E009E9B6C /* LaunchScreen.storyboard */; };
/* End PBXBuildFile section */

/* Begin PBXFileReference section */
		65E643901C78423E009E9B6C /* Web.app */ = {isa = PBXFileReference; explicitFileType = wrapper.application; includeInIndex = 0; path = Web.app; sourceTree = BUILT_PRODUCTS_DIR; };
		65E643941C78423E009E9B6C /* main.m */ = {isa = PBXFileReference; lastKnownFileType = sourcecode.c.objc; path = main.m; sourceTree = "<group>"; };
		65E643961C78423E009E9B6C /* AppDelegate.h */ = {isa = PBXFileReference; lastKnownFileType = sourcecode.c.h; path = AppDelegate.h; sourceTree = "<group>"; };
		65E643971C78423E009E9B6C /* AppDelegate.m */ = {isa = PBXFileReference; lastKnownFileType = sourcecode.c.objc; path = AppDelegate.m; sourceTree = "<group>"; };
		65E643991C78423E009E9B6C /* ViewController.h */ = {isa = PBXFileReference; lastKnownFileType = sourcecode.c.h; path = ViewController.h; sourceTree = "<group>"; };
		65E6439A1C78423E009E9B6C /* ViewController.m */ = {isa = PBXFileReference; lastKnownFileType = sourcecode.c.objc; path = ViewController.m; sourceTree = "<group>"; };
		65E6439D1C78423E009E9B6C /* Base */ = {isa = PBXFileReference; lastKnownFileType = file.storyboard; name = Base; path = Base.lproj/Main.storyboard; sourceTree = "<group>"; };
		65E6439F1C78423E009E9B6C /* Assets.xcassets */ = {isa = PBXFileReference; lastKnownFileType = folder.assetcatalog; path = Assets.xcassets; sourceTree = "<group>"; };
		65E643A21C78423E009E9B6C /* Base */ = {isa = PBXFileReference; lastKnownFileType = file.storyboard; name = Base; path = Base.lproj/LaunchScreen.storyboard; sourceTree = "<group>"; };
		65E643A41C78423E009E9B6C /* Info.plist */ = {isa = PBXFileReference; lastKnownFileType = text.plist.xml; path = Info.plist; sourceTree = "<group>"; };
/* End PBXFileReference section */

/* Begin PBXFrameworksBuildPhase section */
		65E6438D1C78423E009E9B6C /* Frameworks */ = {
			isa = PBXFrameworksBuildPhase;
			buildActionMask = 2147483647;
			files = (
			);
			runOnlyForDeploymentPostprocessing = 0;
		};
/* End PBXFrameworksBuildPhase section */

/* Begin PBXGroup section */
		65E643871C78423E009E9B6C = {
			isa = PBXGroup;
			children = (
				65E643921C78423E009E9B6C /* Web */,
				65E643911C78423E009E9B6C /* Products */,
			);
			sourceTree = "<group>";
		};
		65E643911C78423E009E9B6C /* Products */ = {
			isa = PBXGroup;
			children = (
				65E643901C78423E009E9B6C /* Web.app */,
			);
			name = Products;
			sourceTree = "<group>";
		};
		65E643921C78423E009E9B6C /* Web */ = {
			isa = PBXGroup;
			children = (
				65E643961C78423E009E9B6C /* AppDelegate.h */,
				65E643971C78423E009E9B6C /* AppDelegate.m */,
				65E643991C78423E009E9B6C /* ViewController.h */,
				65E6439A1C78423E009E9B6C /* ViewController.m */,
				65E6439C1C78423E009E9B6C /* Main.storyboard */,
				65E6439F1C78423E009E9B6C /* Assets.xcassets */,
				65E643A11C78423E009E9B6C /* LaunchScreen.storyboard */,
				65E643A41C78423E009E9B6C /* Info.plist */,
				65E643931C78423E009E9B6C /* Supporting Files */,
			);
			path = Web;
			sourceTree = "<group>";
		};
		65E643931C78423E009E9B6C /* Supporting Files */ = {
			isa = PBXGroup;
			children = (
				65E643941C78423E009E9B6C /* main.m */,
			);
			name = "Supporting Files";
			sourceTree = "<group>";
		};
/* End PBXGroup section */

/* Begin PBXNativeTarget section */
		65E6438F1C78423E009E9B6C /* Web */ = {
			isa = PBXNativeTarget;
			buildConfigurationList = 65E643A71C78423E009E9B6C /* Build configuration list for PBXNativeTarget "Web" */;
			buildPhases = (
				65E6438C1C78423E009E9B6C /* Sources */,
				65E6438D1C78423E009E9B6C /* Frameworks */,
				65E6438E1C78423E009E9B6C /* Resources */,
			);
			buildRules = (
			);
			dependencies = (
			);
			name = Web;
			productName = Web;
			productReference = 65E643901C78423E009E9B6C /* Web.app */;
			productType = "com.apple.product-type.application";
		};
/* End PBXNativeTarget section */

/* Begin PBXProject section */
		65E643881C78423E009E9B6C /* Project object */ = {
			isa = PBXProject;
			attributes = {
				LastUpgradeCheck = 0720;
				ORGANIZATIONNAME = "谢飞";
				TargetAttributes = {
					65E6438F1C78423E009E9B6C = {
						CreatedOnToolsVersion = 7.2;
						DevelopmentTeam = NRZG3Z79NX;
					};
				};
			};
			buildConfigurationList = 65E6438B1C78423E009E9B6C /* Build configuration list for PBXProject "Web" */;
			compatibilityVersion = "Xcode 3.2";
			developmentRegion = English;
			hasScannedForEncodings = 0;
			knownRegions = (
				en,
				Base,
			);
			mainGroup = 65E643871C78423E009E9B6C;
			productRefGroup = 65E643911C78423E009E9B6C /* Products */;
			projectDirPath = "";
			projectRoot = "";
			targets = (
				65E6438F1C78423E009E9B6C /* Web */,
			);
		};
/* End PBXProject section */

/* Begin PBXResourcesBuildPhase section */
		65E6438E1C78423E009E9B6C /* Resources */ = {
			isa = PBXResourcesBuildPhase;
			buildActionMask = 2147483647;
			files = (
				65E643A31C78423E009E9B6C /* LaunchScreen.storyboard in Resources */,
				65E643A01C78423E009E9B6C /* Assets.xcassets in Resources */,
				65E6439E1C78423E009E9B6C /* Main.storyboard in Resources */,
			);
			runOnlyForDeploymentPostprocessing = 0;
		};
/* End PBXResourcesBuildPhase section */

/* Begin PBXSourcesBuildPhase section */
		65E6438C1C78423E009E9B6C /* Sources */ = {
			isa = PBXSourcesBuildPhase;
			buildActionMask = 2147483647;
			files = (
				65E6439B1C78423E009E9B6C /* ViewController.m in Sources */,
				65E643981C78423E009E9B6C /* AppDelegate.m in Sources */,
				65E643951C78423E009E9B6C /* main.m in Sources */,
			);
			runOnlyForDeploymentPostprocessing = 0;
		};
/* End PBXSourcesBuildPhase section */

/* Begin PBXVariantGroup section */
		65E6439C1C78423E009E9B6C /* Main.storyboard */ = {
			isa = PBXVariantGroup;
			children = (
				65E6439D1C78423E009E9B6C /* Base */,
			);
			name = Main.storyboard;
			sourceTree = "<group>";
		};
		65E643A11C78423E009E9B6C /* LaunchScreen.storyboard */ = {
			isa = PBXVariantGroup;
			children = (
				65E643A21C78423E009E9B6C /* Base */,
			);
			name = LaunchScreen.storyboard;
			sourceTree = "<group>";
		};
/* End PBXVariantGroup section */

/* Begin XCBuildConfiguration section */
		65E643A51C78423E009E9B6C /* Debug */ = {
			isa = XCBuildConfiguration;
			buildSettings = {
				ALWAYS_SEARCH_USER_PATHS = NO;
				CLANG_CXX_LANGUAGE_STANDARD = "gnu++0x";
				CLANG_CXX_LIBRARY = "libc++";
				CLANG_ENABLE_MODULES = YES;
				CLANG_ENABLE_OBJC_ARC = YES;
				CLANG_WARN_BOOL_CONVERSION = YES;
				CLANG_WARN_CONSTANT_CONVERSION = YES;
				CLANG_WARN_DIRECT_OBJC_ISA_USAGE = YES_ERROR;
				CLANG_WARN_EMPTY_BODY = YES;
				CLANG_WARN_ENUM_CONVERSION = YES;
				CLANG_WARN_INT_CONVERSION = YES;
				CLANG_WARN_OBJC_ROOT_CLASS = YES_ERROR;
				CLANG_WARN_UNREACHABLE_CODE = YES;
				CLANG_WARN__DUPLICATE_METHOD_MATCH = YES;
				"CODE_SIGN_IDENTITY[sdk=iphoneos*]" = "iPhone Developer";
				COPY_PHASE_STRIP = NO;
				DEBUG_INFORMATION_FORMAT = dwarf;
				ENABLE_STRICT_OBJC_MSGSEND = YES;
				ENABLE_TESTABILITY = YES;
				GCC_C_LANGUAGE_STANDARD = gnu99;
				GCC_DYNAMIC_NO_PIC = NO;
				GCC_NO_COMMON_BLOCKS = YES;
				GCC_OPTIMIZATION_LEVEL = 0;
				GCC_PREPROCESSOR_DEFINITIONS = (
					"DEBUG=1",
					"$(inherited)",
				);
				GCC_WARN_64_TO_32_BIT_CONVERSION = YES;
				GCC_WARN_ABOUT_RETURN_TYPE = YES_ERROR;
				GCC_WARN_UNDECLARED_SELECTOR = YES;
				GCC_WARN_UNINITIALIZED_AUTOS = YES_AGGRESSIVE;
				GCC_WARN_UNUSED_FUNCTION = YES;
				GCC_WARN_UNUSED_VARIABLE = YES;
				IPHONEOS_DEPLOYMENT_TARGET = 9.2;
				MTL_ENABLE_DEBUG_INFO = YES;
				ONLY_ACTIVE_ARCH = YES;
				SDKROOT = iphoneos;
			};
			name = Debug;
		};
		65E643A61C78423E009E9B6C /* Release */ = {
			isa = XCBuildConfiguration;
			buildSettings = {
				ALWAYS_SEARCH_USER_PATHS = NO;
				CLANG_CXX_LANGUAGE_STANDARD = "gnu++0x";
				CLANG_CXX_LIBRARY = "libc++";
				CLANG_ENABLE_MODULES = YES;
				CLANG_ENABLE_OBJC_ARC = YES;
				CLANG_WARN_BOOL_CONVERSION = YES;
				CLANG_WARN_CONSTANT_CONVERSION = YES;
				CLANG_WARN_DIRECT_OBJC_ISA_USAGE = YES_ERROR;
				CLANG_WARN_EMPTY_BODY = YES;
				CLANG_WARN_ENUM_CONVERSION = YES;
				CLANG_WARN_INT_CONVERSION = YES;
				CLANG_WARN_OBJC_ROOT_CLASS = YES_ERROR;
				CLANG_WARN_UNREACHABLE_CODE = YES;
				CLANG_WARN__DUPLICATE_METHOD_MATCH = YES;
				"CODE_SIGN_IDENTITY[sdk=iphoneos*]" = "iPhone Developer";
				COPY_PHASE_STRIP = NO;
				DEBUG_INFORMATION_FORMAT = "dwarf-with-dsym";
				ENABLE_NS_ASSERTIONS = NO;
				ENABLE_STRICT_OBJC_MSGSEND = YES;
				GCC_C_LANGUAGE_STANDARD = gnu99;
				GCC_NO_COMMON_BLOCKS = YES;
				GCC_WARN_64_TO_32_BIT_CONVERSION = YES;
				GCC_WARN_ABOUT_RETURN_TYPE = YES_ERROR;
				GCC_WARN_UNDECLARED_SELECTOR = YES;
				GCC_WARN_UNINITIALIZED_AUTOS = YES_AGGRESSIVE;
				GCC_WARN_UNUSED_FUNCTION = YES;
				GCC_WARN_UNUSED_VARIABLE = YES;
				IPHONEOS_DEPLOYMENT_TARGET = 9.2;
				MTL_ENABLE_DEBUG_INFO = NO;
				SDKROOT = iphoneos;
				VALIDATE_PRODUCT = YES;
			};
			name = Release;
		};
		65E643A81C78423E009E9B6C /* Debug */ = {
			isa = XCBuildConfiguration;
			buildSettings = {
				ASSETCATALOG_COMPILER_APPICON_NAME = AppIcon;
				INFOPLIST_FILE = Web/Info.plist;
				LD_RUNPATH_SEARCH_PATHS = "$(inherited) @executable_path/Frameworks";
				PRODUCT_BUNDLE_IDENTIFIER = com.alloc.Web;
				PRODUCT_NAME = "$(TARGET_NAME)";
			};
			name = Debug;
		};
		65E643A91C78423E009E9B6C /* Release */ = {
			isa = XCBuildConfiguration;
			buildSettings = {
				ASSETCATALOG_COMPILER_APPICON_NAME = AppIcon;
				INFOPLIST_FILE = Web/Info.plist;
				LD_RUNPATH_SEARCH_PATHS = "$(inherited) @executable_path/Frameworks";
				PRODUCT_BUNDLE_IDENTIFIER = com.alloc.Web;
				PRODUCT_NAME = "$(TARGET_NAME)";
			};
			name = Release;
		};
/* End XCBuildConfiguration section */

/* Begin XCConfigurationList section */
		65E6438B1C78423E009E9B6C /* Build configuration list for PBXProject "Web" */ = {
			isa = XCConfigurationList;
			buildConfigurations = (
				65E643A51C78423E009E9B6C /* Debug */,
				65E643A61C78423E009E9B6C /* Release */,
			);
			defaultConfigurationIsVisible = 0;
			defaultConfigurationName = Release;
		};
		65E643A71C78423E009E9B6C /* Build configuration list for PBXNativeTarget "Web" */ = {
			isa = XCConfigurationList;
			buildConfigurations = (
				65E643A81C78423E009E9B6C /* Debug */,
				65E643A91C78423E009E9B6C /* Release */,
			);
			defaultConfigurationIsVisible = 0;
		};
/* End XCConfigurationList section */
	};
	rootObject = 65E643881C78423E009E9B6C /* Project object */;
}
