// !$*UTF8*$!
{
	archiveVersion = 1;
	classes = {
	};
	objectVersion = 46;
	objects = {

/* Begin PBXBuildFile section */
		650742731C8570720069A37A /* XFCommentViewController.m in Sources */ = {isa = PBXBuildFile; fileRef = 650742711C8570720069A37A /* XFCommentViewController.m */; };
		650742741C8570720069A37A /* XFCommentViewController.xib in Resources */ = {isa = PBXBuildFile; fileRef = 650742721C8570720069A37A /* XFCommentViewController.xib */; };
		650742781C8580BA0069A37A /* XFCommentCell.m in Sources */ = {isa = PBXBuildFile; fileRef = 650742761C8580BA0069A37A /* XFCommentCell.m */; };
		650742791C8580BA0069A37A /* XFCommentCell.xib in Resources */ = {isa = PBXBuildFile; fileRef = 650742771C8580BA0069A37A /* XFCommentCell.xib */; };
		6525F16A1C982E46006BCD89 /* NSString+XFTime.m in Sources */ = {isa = PBXBuildFile; fileRef = 6525F1691C982E46006BCD89 /* NSString+XFTime.m */; };
		6525F16E1C991641006BCD89 /* HttpTool.m in Sources */ = {isa = PBXBuildFile; fileRef = 6525F16D1C991641006BCD89 /* HttpTool.m */; };
		6525F1721C991650006BCD89 /* XFVociePlayerController.m in Sources */ = {isa = PBXBuildFile; fileRef = 6525F1701C991650006BCD89 /* XFVociePlayerController.m */; };
		6525F1731C991650006BCD89 /* XFVociePlayerController.xib in Resources */ = {isa = PBXBuildFile; fileRef = 6525F1711C991650006BCD89 /* XFVociePlayerController.xib */; };
		652CB2711C78E1B20027B71B /* XFGuideView.m in Sources */ = {isa = PBXBuildFile; fileRef = 652CB2701C78E1B20027B71B /* XFGuideView.m */; };
		652CB2731C78E1C00027B71B /* XFGuideView.xib in Resources */ = {isa = PBXBuildFile; fileRef = 652CB2721C78E1C00027B71B /* XFGuideView.xib */; };
		65752E301C7C9E120005CCB2 /* XFContentPictureView.m in Sources */ = {isa = PBXBuildFile; fileRef = 65752E2F1C7C9E120005CCB2 /* XFContentPictureView.m */; };
		65752E321C7C9E3F0005CCB2 /* XFContentPictureView.xib in Resources */ = {isa = PBXBuildFile; fileRef = 65752E311C7C9E3F0005CCB2 /* XFContentPictureView.xib */; };
		65752E351C7D8F7C0005CCB2 /* XFTopicFrame.m in Sources */ = {isa = PBXBuildFile; fileRef = 65752E341C7D8F7C0005CCB2 /* XFTopicFrame.m */; };
		65752E381C7D9DBC0005CCB2 /* XFContentVoiceView.m in Sources */ = {isa = PBXBuildFile; fileRef = 65752E371C7D9DBC0005CCB2 /* XFContentVoiceView.m */; };
		65752E3B1C7D9DCD0005CCB2 /* XFContentVideoView.m in Sources */ = {isa = PBXBuildFile; fileRef = 65752E3A1C7D9DCD0005CCB2 /* XFContentVideoView.m */; };
		657E659C1C89DBD2005D6D8E /* XFWebviewController.m in Sources */ = {isa = PBXBuildFile; fileRef = 657E659B1C89DBD2005D6D8E /* XFWebviewController.m */; };
		65A2845B1C79956800D8031B /* XFVocieViewController.m in Sources */ = {isa = PBXBuildFile; fileRef = 65A2845A1C79956800D8031B /* XFVocieViewController.m */; };
		65A2845E1C79957D00D8031B /* XFPictrueViewController.m in Sources */ = {isa = PBXBuildFile; fileRef = 65A2845D1C79957D00D8031B /* XFPictrueViewController.m */; };
		65A284611C79958800D8031B /* XFVideoViewController.m in Sources */ = {isa = PBXBuildFile; fileRef = 65A284601C79958800D8031B /* XFVideoViewController.m */; };
		65A284641C7995BD00D8031B /* XFTalkViewController.m in Sources */ = {isa = PBXBuildFile; fileRef = 65A284631C7995BD00D8031B /* XFTalkViewController.m */; };
		65A284671C799A9400D8031B /* XFAllViewController.m in Sources */ = {isa = PBXBuildFile; fileRef = 65A284661C799A9400D8031B /* XFAllViewController.m */; };
		65A2846A1C7B2DE500D8031B /* XFModuleDataTool.m in Sources */ = {isa = PBXBuildFile; fileRef = 65A284691C7B2DE500D8031B /* XFModuleDataTool.m */; };
		65A2846D1C7B33E700D8031B /* XFTopicModel.m in Sources */ = {isa = PBXBuildFile; fileRef = 65A2846C1C7B33E700D8031B /* XFTopicModel.m */; };
		65A284711C7B355D00D8031B /* XFTopicCell.m in Sources */ = {isa = PBXBuildFile; fileRef = 65A2846F1C7B355D00D8031B /* XFTopicCell.m */; };
		65A284721C7B355D00D8031B /* XFTopicCell.xib in Resources */ = {isa = PBXBuildFile; fileRef = 65A284701C7B355D00D8031B /* XFTopicCell.xib */; };
		65A2AB4E1C8F01B500BF2B8F /* AVFoundation.framework in Frameworks */ = {isa = PBXBuildFile; fileRef = 65A2AB4A1C8EE2FA00BF2B8F /* AVFoundation.framework */; };
		65A2AB4F1C8F01BE00BF2B8F /* MediaPlayer.framework in Frameworks */ = {isa = PBXBuildFile; fileRef = 65A2AB481C8EC99F00BF2B8F /* MediaPlayer.framework */; };
		65A2AB5E1C8FF15700BF2B8F /* KRVideoPlayerController.m in Sources */ = {isa = PBXBuildFile; fileRef = 65A2AB5B1C8FF15700BF2B8F /* KRVideoPlayerController.m */; };
		65A2AB5F1C8FF15700BF2B8F /* KRVideoPlayerControlView.m in Sources */ = {isa = PBXBuildFile; fileRef = 65A2AB5D1C8FF15700BF2B8F /* KRVideoPlayerControlView.m */; };
		65A2AB611C91A8C700BF2B8F /* AudioToolbox.framework in Frameworks */ = {isa = PBXBuildFile; fileRef = 65A2AB601C91A8C700BF2B8F /* AudioToolbox.framework */; };
		65AD116E1C83208300E994F1 /* XFContentVoiceView.xib in Resources */ = {isa = PBXBuildFile; fileRef = 65AD116D1C83208300E994F1 /* XFContentVoiceView.xib */; };
		65AD11731C833C0C00E994F1 /* XFContentVideoView.xib in Resources */ = {isa = PBXBuildFile; fileRef = 65AD11721C833C0C00E994F1 /* XFContentVideoView.xib */; };
		65AD11761C8362C700E994F1 /* XFUserModel.m in Sources */ = {isa = PBXBuildFile; fileRef = 65AD11751C8362C700E994F1 /* XFUserModel.m */; };
		65AD11791C8362D300E994F1 /* XFCommentModel.m in Sources */ = {isa = PBXBuildFile; fileRef = 65AD11781C8362D300E994F1 /* XFCommentModel.m */; };
		65AD11941C84D18600E994F1 /* XFConcernViewController.xib in Resources */ = {isa = PBXBuildFile; fileRef = 65AD11811C84D18600E994F1 /* XFConcernViewController.xib */; };
		65AD11951C84D18600E994F1 /* XFRecommendViewController.m in Sources */ = {isa = PBXBuildFile; fileRef = 65AD11831C84D18600E994F1 /* XFRecommendViewController.m */; };
		65AD11961C84D18600E994F1 /* XFRecommendViewController.xib in Resources */ = {isa = PBXBuildFile; fileRef = 65AD11841C84D18600E994F1 /* XFRecommendViewController.xib */; };
		65AD11971C84D18600E994F1 /* XFCategoryModel.m in Sources */ = {isa = PBXBuildFile; fileRef = 65AD11871C84D18600E994F1 /* XFCategoryModel.m */; };
		65AD11981C84D18600E994F1 /* XFMainTableModel.m in Sources */ = {isa = PBXBuildFile; fileRef = 65AD11891C84D18600E994F1 /* XFMainTableModel.m */; };
		65AD11991C84D18700E994F1 /* XFRcommandDataTool.m in Sources */ = {isa = PBXBuildFile; fileRef = 65AD118C1C84D18600E994F1 /* XFRcommandDataTool.m */; };
		65AD119A1C84D18700E994F1 /* XFCategoryCell.m in Sources */ = {isa = PBXBuildFile; fileRef = 65AD118F1C84D18600E994F1 /* XFCategoryCell.m */; };
		65AD119B1C84D18700E994F1 /* XFCategoryCell.xib in Resources */ = {isa = PBXBuildFile; fileRef = 65AD11901C84D18600E994F1 /* XFCategoryCell.xib */; };
		65AD119C1C84D18700E994F1 /* XFMainTableCell.m in Sources */ = {isa = PBXBuildFile; fileRef = 65AD11921C84D18600E994F1 /* XFMainTableCell.m */; };
		65AD119D1C84D18700E994F1 /* XFMainTableCell.xib in Resources */ = {isa = PBXBuildFile; fileRef = 65AD11931C84D18600E994F1 /* XFMainTableCell.xib */; };
		65AD11A01C84D1CB00E994F1 /* XFConcernViewController.m in Sources */ = {isa = PBXBuildFile; fileRef = 65AD119F1C84D1CB00E994F1 /* XFConcernViewController.m */; };
		65AD11A41C84D1F500E994F1 /* XFLoginViewController.m in Sources */ = {isa = PBXBuildFile; fileRef = 65AD11A21C84D1F500E994F1 /* XFLoginViewController.m */; };
		65AD11A51C84D1F500E994F1 /* XFLoginViewController.xib in Resources */ = {isa = PBXBuildFile; fileRef = 65AD11A31C84D1F500E994F1 /* XFLoginViewController.xib */; };
		65AD11A81C84D23500E994F1 /* XFTextfield.m in Sources */ = {isa = PBXBuildFile; fileRef = 65AD11A71C84D23500E994F1 /* XFTextfield.m */; };
		65AD11AB1C84D26C00E994F1 /* XFShowWordBtn.m in Sources */ = {isa = PBXBuildFile; fileRef = 65AD11AA1C84D26C00E994F1 /* XFShowWordBtn.m */; };
		65AD11BB1C84D32F00E994F1 /* XFNavigationController.m in Sources */ = {isa = PBXBuildFile; fileRef = 65AD11B21C84D32F00E994F1 /* XFNavigationController.m */; };
		65AD11BC1C84D32F00E994F1 /* XFTabBarViewController.m in Sources */ = {isa = PBXBuildFile; fileRef = 65AD11B41C84D32F00E994F1 /* XFTabBarViewController.m */; };
		65AD11BD1C84D32F00E994F1 /* XFPublishView.m in Sources */ = {isa = PBXBuildFile; fileRef = 65AD11B71C84D32F00E994F1 /* XFPublishView.m */; };
		65AD11BE1C84D32F00E994F1 /* XFPublishView.xib in Resources */ = {isa = PBXBuildFile; fileRef = 65AD11B81C84D32F00E994F1 /* XFPublishView.xib */; };
		65AD11BF1C84D32F00E994F1 /* XFTabBar.m in Sources */ = {isa = PBXBuildFile; fileRef = 65AD11BA1C84D32F00E994F1 /* XFTabBar.m */; };
		65EA75901C74AB4C0017DB20 /* main.m in Sources */ = {isa = PBXBuildFile; fileRef = 65EA758F1C74AB4C0017DB20 /* main.m */; };
		65EA75991C74AB4C0017DB20 /* Main.storyboard in Resources */ = {isa = PBXBuildFile; fileRef = 65EA75971C74AB4C0017DB20 /* Main.storyboard */; };
		65EA759B1C74AB4C0017DB20 /* Assets.xcassets in Resources */ = {isa = PBXBuildFile; fileRef = 65EA759A1C74AB4C0017DB20 /* Assets.xcassets */; };
		65EA759E1C74AB4C0017DB20 /* LaunchScreen.storyboard in Resources */ = {isa = PBXBuildFile; fileRef = 65EA759C1C74AB4C0017DB20 /* LaunchScreen.storyboard */; };
		65EA76181C74C18A0017DB20 /* XFEssenceViewController.m in Sources */ = {isa = PBXBuildFile; fileRef = 65EA76011C74C18A0017DB20 /* XFEssenceViewController.m */; };
		65EA76191C74C18A0017DB20 /* XFLatestViewController.m in Sources */ = {isa = PBXBuildFile; fileRef = 65EA76081C74C18A0017DB20 /* XFLatestViewController.m */; };
		65EA761B1C74C18A0017DB20 /* XFMeViewController.m in Sources */ = {isa = PBXBuildFile; fileRef = 65EA76121C74C18A0017DB20 /* XFMeViewController.m */; };
		65EA761E1C74C1A70017DB20 /* AppDelegate.m in Sources */ = {isa = PBXBuildFile; fileRef = 65EA761D1C74C1A70017DB20 /* AppDelegate.m */; };
		65EA762A1C74C54E0017DB20 /* UIView+Extension.m in Sources */ = {isa = PBXBuildFile; fileRef = 65EA76291C74C54E0017DB20 /* UIView+Extension.m */; };
		65FAABB71C8155A700A3C971 /* XFDetailPictureController.m in Sources */ = {isa = PBXBuildFile; fileRef = 65FAABB61C8155A700A3C971 /* XFDetailPictureController.m */; };
		65FE4B3A1C8884B900A4BA45 /* UIImageView+Header.m in Sources */ = {isa = PBXBuildFile; fileRef = 65FE4B391C8884B900A4BA45 /* UIImageView+Header.m */; };
		65FE4B3D1C88850600A4BA45 /* UIImage+XFCircle.m in Sources */ = {isa = PBXBuildFile; fileRef = 65FE4B3C1C88850600A4BA45 /* UIImage+XFCircle.m */; };
		65FE4B401C888BBA00A4BA45 /* XFMeCell.m in Sources */ = {isa = PBXBuildFile; fileRef = 65FE4B3F1C888BBA00A4BA45 /* XFMeCell.m */; };
		65FE4B461C896C4500A4BA45 /* XFSquareCell.m in Sources */ = {isa = PBXBuildFile; fileRef = 65FE4B451C896C4500A4BA45 /* XFSquareCell.m */; };
		65FE4B491C896D1400A4BA45 /* XFSquare.m in Sources */ = {isa = PBXBuildFile; fileRef = 65FE4B481C896D1400A4BA45 /* XFSquare.m */; };
		65FE4B4C1C896D4700A4BA45 /* XFSquareTool.m in Sources */ = {isa = PBXBuildFile; fileRef = 65FE4B4B1C896D4700A4BA45 /* XFSquareTool.m */; };
		65FE4B4F1C897F1900A4BA45 /* XFSquareButton.m in Sources */ = {isa = PBXBuildFile; fileRef = 65FE4B4E1C897F1900A4BA45 /* XFSquareButton.m */; };
		65FE4B911C89D2FF00A4BA45 /* XFSquareFooterView.m in Sources */ = {isa = PBXBuildFile; fileRef = 65FE4B901C89D2FF00A4BA45 /* XFSquareFooterView.m */; };
		9F1B78C58CDAEB38BB9F5CEA /* Pods.framework in Frameworks */ = {isa = PBXBuildFile; fileRef = FF97E68F796933B40822AB81 /* Pods.framework */; };
/* End PBXBuildFile section */

/* Begin PBXFileReference section */
		650742701C8570720069A37A /* XFCommentViewController.h */ = {isa = PBXFileReference; fileEncoding = 4; lastKnownFileType = sourcecode.c.h; path = XFCommentViewController.h; sourceTree = "<group>"; };
		650742711C8570720069A37A /* XFCommentViewController.m */ = {isa = PBXFileReference; fileEncoding = 4; lastKnownFileType = sourcecode.c.objc; path = XFCommentViewController.m; sourceTree = "<group>"; };
		650742721C8570720069A37A /* XFCommentViewController.xib */ = {isa = PBXFileReference; fileEncoding = 4; lastKnownFileType = file.xib; path = XFCommentViewController.xib; sourceTree = "<group>"; };
		650742751C8580BA0069A37A /* XFCommentCell.h */ = {isa = PBXFileReference; fileEncoding = 4; lastKnownFileType = sourcecode.c.h; path = XFCommentCell.h; sourceTree = "<group>"; };
		650742761C8580BA0069A37A /* XFCommentCell.m */ = {isa = PBXFileReference; fileEncoding = 4; lastKnownFileType = sourcecode.c.objc; path = XFCommentCell.m; sourceTree = "<group>"; };
		650742771C8580BA0069A37A /* XFCommentCell.xib */ = {isa = PBXFileReference; fileEncoding = 4; lastKnownFileType = file.xib; path = XFCommentCell.xib; sourceTree = "<group>"; };
		6525F1681C982E46006BCD89 /* NSString+XFTime.h */ = {isa = PBXFileReference; fileEncoding = 4; lastKnownFileType = sourcecode.c.h; path = "NSString+XFTime.h"; sourceTree = "<group>"; };
		6525F1691C982E46006BCD89 /* NSString+XFTime.m */ = {isa = PBXFileReference; fileEncoding = 4; lastKnownFileType = sourcecode.c.objc; path = "NSString+XFTime.m"; sourceTree = "<group>"; };
		6525F16C1C991641006BCD89 /* HttpTool.h */ = {isa = PBXFileReference; fileEncoding = 4; lastKnownFileType = sourcecode.c.h; path = HttpTool.h; sourceTree = "<group>"; };
		6525F16D1C991641006BCD89 /* HttpTool.m */ = {isa = PBXFileReference; fileEncoding = 4; lastKnownFileType = sourcecode.c.objc; path = HttpTool.m; sourceTree = "<group>"; };
		6525F16F1C991650006BCD89 /* XFVociePlayerController.h */ = {isa = PBXFileReference; fileEncoding = 4; lastKnownFileType = sourcecode.c.h; path = XFVociePlayerController.h; sourceTree = "<group>"; };
		6525F1701C991650006BCD89 /* XFVociePlayerController.m */ = {isa = PBXFileReference; fileEncoding = 4; lastKnownFileType = sourcecode.c.objc; path = XFVociePlayerController.m; sourceTree = "<group>"; };
		6525F1711C991650006BCD89 /* XFVociePlayerController.xib */ = {isa = PBXFileReference; fileEncoding = 4; lastKnownFileType = file.xib; path = XFVociePlayerController.xib; sourceTree = "<group>"; };
		652CB26F1C78E1B20027B71B /* XFGuideView.h */ = {isa = PBXFileReference; fileEncoding = 4; lastKnownFileType = sourcecode.c.h; path = XFGuideView.h; sourceTree = "<group>"; };
		652CB2701C78E1B20027B71B /* XFGuideView.m */ = {isa = PBXFileReference; fileEncoding = 4; lastKnownFileType = sourcecode.c.objc; path = XFGuideView.m; sourceTree = "<group>"; };
		652CB2721C78E1C00027B71B /* XFGuideView.xib */ = {isa = PBXFileReference; fileEncoding = 4; lastKnownFileType = file.xib; path = XFGuideView.xib; sourceTree = "<group>"; };
		65752E2E1C7C9E120005CCB2 /* XFContentPictureView.h */ = {isa = PBXFileReference; fileEncoding = 4; lastKnownFileType = sourcecode.c.h; path = XFContentPictureView.h; sourceTree = "<group>"; };
		65752E2F1C7C9E120005CCB2 /* XFContentPictureView.m */ = {isa = PBXFileReference; fileEncoding = 4; lastKnownFileType = sourcecode.c.objc; path = XFContentPictureView.m; sourceTree = "<group>"; };
		65752E311C7C9E3F0005CCB2 /* XFContentPictureView.xib */ = {isa = PBXFileReference; fileEncoding = 4; lastKnownFileType = file.xib; path = XFContentPictureView.xib; sourceTree = "<group>"; };
		65752E331C7D8F7C0005CCB2 /* XFTopicFrame.h */ = {isa = PBXFileReference; fileEncoding = 4; lastKnownFileType = sourcecode.c.h; path = XFTopicFrame.h; sourceTree = "<group>"; };
		65752E341C7D8F7C0005CCB2 /* XFTopicFrame.m */ = {isa = PBXFileReference; fileEncoding = 4; lastKnownFileType = sourcecode.c.objc; path = XFTopicFrame.m; sourceTree = "<group>"; };
		65752E361C7D9DBC0005CCB2 /* XFContentVoiceView.h */ = {isa = PBXFileReference; fileEncoding = 4; lastKnownFileType = sourcecode.c.h; path = XFContentVoiceView.h; sourceTree = "<group>"; };
		65752E371C7D9DBC0005CCB2 /* XFContentVoiceView.m */ = {isa = PBXFileReference; fileEncoding = 4; lastKnownFileType = sourcecode.c.objc; path = XFContentVoiceView.m; sourceTree = "<group>"; };
		65752E391C7D9DCD0005CCB2 /* XFContentVideoView.h */ = {isa = PBXFileReference; fileEncoding = 4; lastKnownFileType = sourcecode.c.h; path = XFContentVideoView.h; sourceTree = "<group>"; };
		65752E3A1C7D9DCD0005CCB2 /* XFContentVideoView.m */ = {isa = PBXFileReference; fileEncoding = 4; lastKnownFileType = sourcecode.c.objc; path = XFContentVideoView.m; sourceTree = "<group>"; };
		657E659A1C89DBD2005D6D8E /* XFWebviewController.h */ = {isa = PBXFileReference; fileEncoding = 4; lastKnownFileType = sourcecode.c.h; path = XFWebviewController.h; sourceTree = "<group>"; };
		657E659B1C89DBD2005D6D8E /* XFWebviewController.m */ = {isa = PBXFileReference; fileEncoding = 4; lastKnownFileType = sourcecode.c.objc; path = XFWebviewController.m; sourceTree = "<group>"; };
		65A284591C79956800D8031B /* XFVocieViewController.h */ = {isa = PBXFileReference; fileEncoding = 4; lastKnownFileType = sourcecode.c.h; path = XFVocieViewController.h; sourceTree = "<group>"; };
		65A2845A1C79956800D8031B /* XFVocieViewController.m */ = {isa = PBXFileReference; fileEncoding = 4; lastKnownFileType = sourcecode.c.objc; path = XFVocieViewController.m; sourceTree = "<group>"; };
		65A2845C1C79957D00D8031B /* XFPictrueViewController.h */ = {isa = PBXFileReference; fileEncoding = 4; lastKnownFileType = sourcecode.c.h; path = XFPictrueViewController.h; sourceTree = "<group>"; };
		65A2845D1C79957D00D8031B /* XFPictrueViewController.m */ = {isa = PBXFileReference; fileEncoding = 4; lastKnownFileType = sourcecode.c.objc; path = XFPictrueViewController.m; sourceTree = "<group>"; };
		65A2845F1C79958800D8031B /* XFVideoViewController.h */ = {isa = PBXFileReference; fileEncoding = 4; lastKnownFileType = sourcecode.c.h; path = XFVideoViewController.h; sourceTree = "<group>"; };
		65A284601C79958800D8031B /* XFVideoViewController.m */ = {isa = PBXFileReference; fileEncoding = 4; lastKnownFileType = sourcecode.c.objc; path = XFVideoViewController.m; sourceTree = "<group>"; };
		65A284621C7995BD00D8031B /* XFTalkViewController.h */ = {isa = PBXFileReference; fileEncoding = 4; lastKnownFileType = sourcecode.c.h; path = XFTalkViewController.h; sourceTree = "<group>"; };
		65A284631C7995BD00D8031B /* XFTalkViewController.m */ = {isa = PBXFileReference; fileEncoding = 4; lastKnownFileType = sourcecode.c.objc; path = XFTalkViewController.m; sourceTree = "<group>"; };
		65A284651C799A9400D8031B /* XFAllViewController.h */ = {isa = PBXFileReference; fileEncoding = 4; lastKnownFileType = sourcecode.c.h; path = XFAllViewController.h; sourceTree = "<group>"; };
		65A284661C799A9400D8031B /* XFAllViewController.m */ = {isa = PBXFileReference; fileEncoding = 4; lastKnownFileType = sourcecode.c.objc; path = XFAllViewController.m; sourceTree = "<group>"; };
		65A284681C7B2DE500D8031B /* XFModuleDataTool.h */ = {isa = PBXFileReference; fileEncoding = 4; lastKnownFileType = sourcecode.c.h; path = XFModuleDataTool.h; sourceTree = "<group>"; };
		65A284691C7B2DE500D8031B /* XFModuleDataTool.m */ = {isa = PBXFileReference; fileEncoding = 4; lastKnownFileType = sourcecode.c.objc; path = XFModuleDataTool.m; sourceTree = "<group>"; };
		65A2846B1C7B33E700D8031B /* XFTopicModel.h */ = {isa = PBXFileReference; fileEncoding = 4; lastKnownFileType = sourcecode.c.h; path = XFTopicModel.h; sourceTree = "<group>"; };
		65A2846C1C7B33E700D8031B /* XFTopicModel.m */ = {isa = PBXFileReference; fileEncoding = 4; lastKnownFileType = sourcecode.c.objc; path = XFTopicModel.m; sourceTree = "<group>"; };
		65A2846E1C7B355D00D8031B /* XFTopicCell.h */ = {isa = PBXFileReference; fileEncoding = 4; lastKnownFileType = sourcecode.c.h; path = XFTopicCell.h; sourceTree = "<group>"; };
		65A2846F1C7B355D00D8031B /* XFTopicCell.m */ = {isa = PBXFileReference; fileEncoding = 4; lastKnownFileType = sourcecode.c.objc; path = XFTopicCell.m; sourceTree = "<group>"; };
		65A284701C7B355D00D8031B /* XFTopicCell.xib */ = {isa = PBXFileReference; fileEncoding = 4; lastKnownFileType = file.xib; path = XFTopicCell.xib; sourceTree = "<group>"; };
		65A2AB481C8EC99F00BF2B8F /* MediaPlayer.framework */ = {isa = PBXFileReference; lastKnownFileType = wrapper.framework; name = MediaPlayer.framework; path = System/Library/Frameworks/MediaPlayer.framework; sourceTree = SDKROOT; };
		65A2AB4A1C8EE2FA00BF2B8F /* AVFoundation.framework */ = {isa = PBXFileReference; lastKnownFileType = wrapper.framework; name = AVFoundation.framework; path = System/Library/Frameworks/AVFoundation.framework; sourceTree = SDKROOT; };
		65A2AB4C1C8EE31A00BF2B8F /* CoreMedia.framework */ = {isa = PBXFileReference; lastKnownFileType = wrapper.framework; name = CoreMedia.framework; path = System/Library/Frameworks/CoreMedia.framework; sourceTree = SDKROOT; };
		65A2AB5A1C8FF15700BF2B8F /* KRVideoPlayerController.h */ = {isa = PBXFileReference; fileEncoding = 4; lastKnownFileType = sourcecode.c.h; path = KRVideoPlayerController.h; sourceTree = "<group>"; };
		65A2AB5B1C8FF15700BF2B8F /* KRVideoPlayerController.m */ = {isa = PBXFileReference; fileEncoding = 4; lastKnownFileType = sourcecode.c.objc; path = KRVideoPlayerController.m; sourceTree = "<group>"; };
		65A2AB5C1C8FF15700BF2B8F /* KRVideoPlayerControlView.h */ = {isa = PBXFileReference; fileEncoding = 4; lastKnownFileType = sourcecode.c.h; path = KRVideoPlayerControlView.h; sourceTree = "<group>"; };
		65A2AB5D1C8FF15700BF2B8F /* KRVideoPlayerControlView.m */ = {isa = PBXFileReference; fileEncoding = 4; lastKnownFileType = sourcecode.c.objc; path = KRVideoPlayerControlView.m; sourceTree = "<group>"; };
		65A2AB601C91A8C700BF2B8F /* AudioToolbox.framework */ = {isa = PBXFileReference; lastKnownFileType = wrapper.framework; name = AudioToolbox.framework; path = System/Library/Frameworks/AudioToolbox.framework; sourceTree = SDKROOT; };
		65AD116D1C83208300E994F1 /* XFContentVoiceView.xib */ = {isa = PBXFileReference; fileEncoding = 4; lastKnownFileType = file.xib; path = XFContentVoiceView.xib; sourceTree = "<group>"; };
		65AD11721C833C0C00E994F1 /* XFContentVideoView.xib */ = {isa = PBXFileReference; fileEncoding = 4; lastKnownFileType = file.xib; path = XFContentVideoView.xib; sourceTree = "<group>"; };
		65AD11741C8362C700E994F1 /* XFUserModel.h */ = {isa = PBXFileReference; fileEncoding = 4; lastKnownFileType = sourcecode.c.h; path = XFUserModel.h; sourceTree = "<group>"; };
		65AD11751C8362C700E994F1 /* XFUserModel.m */ = {isa = PBXFileReference; fileEncoding = 4; lastKnownFileType = sourcecode.c.objc; path = XFUserModel.m; sourceTree = "<group>"; };
		65AD11771C8362D300E994F1 /* XFCommentModel.h */ = {isa = PBXFileReference; fileEncoding = 4; lastKnownFileType = sourcecode.c.h; path = XFCommentModel.h; sourceTree = "<group>"; };
		65AD11781C8362D300E994F1 /* XFCommentModel.m */ = {isa = PBXFileReference; fileEncoding = 4; lastKnownFileType = sourcecode.c.objc; path = XFCommentModel.m; sourceTree = "<group>"; };
		65AD11811C84D18600E994F1 /* XFConcernViewController.xib */ = {isa = PBXFileReference; fileEncoding = 4; lastKnownFileType = file.xib; path = XFConcernViewController.xib; sourceTree = "<group>"; };
		65AD11821C84D18600E994F1 /* XFRecommendViewController.h */ = {isa = PBXFileReference; fileEncoding = 4; lastKnownFileType = sourcecode.c.h; path = XFRecommendViewController.h; sourceTree = "<group>"; };
		65AD11831C84D18600E994F1 /* XFRecommendViewController.m */ = {isa = PBXFileReference; fileEncoding = 4; lastKnownFileType = sourcecode.c.objc; path = XFRecommendViewController.m; sourceTree = "<group>"; };
		65AD11841C84D18600E994F1 /* XFRecommendViewController.xib */ = {isa = PBXFileReference; fileEncoding = 4; lastKnownFileType = file.xib; path = XFRecommendViewController.xib; sourceTree = "<group>"; };
		65AD11861C84D18600E994F1 /* XFCategoryModel.h */ = {isa = PBXFileReference; fileEncoding = 4; lastKnownFileType = sourcecode.c.h; path = XFCategoryModel.h; sourceTree = "<group>"; };
		65AD11871C84D18600E994F1 /* XFCategoryModel.m */ = {isa = PBXFileReference; fileEncoding = 4; lastKnownFileType = sourcecode.c.objc; path = XFCategoryModel.m; sourceTree = "<group>"; };
		65AD11881C84D18600E994F1 /* XFMainTableModel.h */ = {isa = PBXFileReference; fileEncoding = 4; lastKnownFileType = sourcecode.c.h; path = XFMainTableModel.h; sourceTree = "<group>"; };
		65AD11891C84D18600E994F1 /* XFMainTableModel.m */ = {isa = PBXFileReference; fileEncoding = 4; lastKnownFileType = sourcecode.c.objc; path = XFMainTableModel.m; sourceTree = "<group>"; };
		65AD118B1C84D18600E994F1 /* XFRcommandDataTool.h */ = {isa = PBXFileReference; fileEncoding = 4; lastKnownFileType = sourcecode.c.h; path = XFRcommandDataTool.h; sourceTree = "<group>"; };
		65AD118C1C84D18600E994F1 /* XFRcommandDataTool.m */ = {isa = PBXFileReference; fileEncoding = 4; lastKnownFileType = sourcecode.c.objc; path = XFRcommandDataTool.m; sourceTree = "<group>"; };
		65AD118E1C84D18600E994F1 /* XFCategoryCell.h */ = {isa = PBXFileReference; fileEncoding = 4; lastKnownFileType = sourcecode.c.h; path = XFCategoryCell.h; sourceTree = "<group>"; };
		65AD118F1C84D18600E994F1 /* XFCategoryCell.m */ = {isa = PBXFileReference; fileEncoding = 4; lastKnownFileType = sourcecode.c.objc; path = XFCategoryCell.m; sourceTree = "<group>"; };
		65AD11901C84D18600E994F1 /* XFCategoryCell.xib */ = {isa = PBXFileReference; fileEncoding = 4; lastKnownFileType = file.xib; path = XFCategoryCell.xib; sourceTree = "<group>"; };
		65AD11911C84D18600E994F1 /* XFMainTableCell.h */ = {isa = PBXFileReference; fileEncoding = 4; lastKnownFileType = sourcecode.c.h; path = XFMainTableCell.h; sourceTree = "<group>"; };
		65AD11921C84D18600E994F1 /* XFMainTableCell.m */ = {isa = PBXFileReference; fileEncoding = 4; lastKnownFileType = sourcecode.c.objc; path = XFMainTableCell.m; sourceTree = "<group>"; };
		65AD11931C84D18600E994F1 /* XFMainTableCell.xib */ = {isa = PBXFileReference; fileEncoding = 4; lastKnownFileType = file.xib; path = XFMainTableCell.xib; sourceTree = "<group>"; };
		65AD119E1C84D1CB00E994F1 /* XFConcernViewController.h */ = {isa = PBXFileReference; fileEncoding = 4; lastKnownFileType = sourcecode.c.h; path = XFConcernViewController.h; sourceTree = "<group>"; };
		65AD119F1C84D1CB00E994F1 /* XFConcernViewController.m */ = {isa = PBXFileReference; fileEncoding = 4; lastKnownFileType = sourcecode.c.objc; path = XFConcernViewController.m; sourceTree = "<group>"; };
		65AD11A11C84D1F500E994F1 /* XFLoginViewController.h */ = {isa = PBXFileReference; fileEncoding = 4; lastKnownFileType = sourcecode.c.h; path = XFLoginViewController.h; sourceTree = "<group>"; };
		65AD11A21C84D1F500E994F1 /* XFLoginViewController.m */ = {isa = PBXFileReference; fileEncoding = 4; lastKnownFileType = sourcecode.c.objc; path = XFLoginViewController.m; sourceTree = "<group>"; };
		65AD11A31C84D1F500E994F1 /* XFLoginViewController.xib */ = {isa = PBXFileReference; fileEncoding = 4; lastKnownFileType = file.xib; path = XFLoginViewController.xib; sourceTree = "<group>"; };
		65AD11A61C84D23500E994F1 /* XFTextfield.h */ = {isa = PBXFileReference; fileEncoding = 4; lastKnownFileType = sourcecode.c.h; path = XFTextfield.h; sourceTree = "<group>"; };
		65AD11A71C84D23500E994F1 /* XFTextfield.m */ = {isa = PBXFileReference; fileEncoding = 4; lastKnownFileType = sourcecode.c.objc; path = XFTextfield.m; sourceTree = "<group>"; };
		65AD11A91C84D26C00E994F1 /* XFShowWordBtn.h */ = {isa = PBXFileReference; fileEncoding = 4; lastKnownFileType = sourcecode.c.h; path = XFShowWordBtn.h; sourceTree = "<group>"; };
		65AD11AA1C84D26C00E994F1 /* XFShowWordBtn.m */ = {isa = PBXFileReference; fileEncoding = 4; lastKnownFileType = sourcecode.c.objc; path = XFShowWordBtn.m; sourceTree = "<group>"; };
		65AD11B11C84D32F00E994F1 /* XFNavigationController.h */ = {isa = PBXFileReference; fileEncoding = 4; lastKnownFileType = sourcecode.c.h; path = XFNavigationController.h; sourceTree = "<group>"; };
		65AD11B21C84D32F00E994F1 /* XFNavigationController.m */ = {isa = PBXFileReference; fileEncoding = 4; lastKnownFileType = sourcecode.c.objc; path = XFNavigationController.m; sourceTree = "<group>"; };
		65AD11B31C84D32F00E994F1 /* XFTabBarViewController.h */ = {isa = PBXFileReference; fileEncoding = 4; lastKnownFileType = sourcecode.c.h; path = XFTabBarViewController.h; sourceTree = "<group>"; };
		65AD11B41C84D32F00E994F1 /* XFTabBarViewController.m */ = {isa = PBXFileReference; fileEncoding = 4; lastKnownFileType = sourcecode.c.objc; path = XFTabBarViewController.m; sourceTree = "<group>"; };
		65AD11B61C84D32F00E994F1 /* XFPublishView.h */ = {isa = PBXFileReference; fileEncoding = 4; lastKnownFileType = sourcecode.c.h; path = XFPublishView.h; sourceTree = "<group>"; };
		65AD11B71C84D32F00E994F1 /* XFPublishView.m */ = {isa = PBXFileReference; fileEncoding = 4; lastKnownFileType = sourcecode.c.objc; path = XFPublishView.m; sourceTree = "<group>"; };
		65AD11B81C84D32F00E994F1 /* XFPublishView.xib */ = {isa = PBXFileReference; fileEncoding = 4; lastKnownFileType = file.xib; path = XFPublishView.xib; sourceTree = "<group>"; };
		65AD11B91C84D32F00E994F1 /* XFTabBar.h */ = {isa = PBXFileReference; fileEncoding = 4; lastKnownFileType = sourcecode.c.h; path = XFTabBar.h; sourceTree = "<group>"; };
		65AD11BA1C84D32F00E994F1 /* XFTabBar.m */ = {isa = PBXFileReference; fileEncoding = 4; lastKnownFileType = sourcecode.c.objc; path = XFTabBar.m; sourceTree = "<group>"; };
		65EA758B1C74AB4C0017DB20 /* XFBaiSiBuDeJie.app */ = {isa = PBXFileReference; explicitFileType = wrapper.application; includeInIndex = 0; path = XFBaiSiBuDeJie.app; sourceTree = BUILT_PRODUCTS_DIR; };
		65EA758F1C74AB4C0017DB20 /* main.m */ = {isa = PBXFileReference; lastKnownFileType = sourcecode.c.objc; path = main.m; sourceTree = "<group>"; };
		65EA75981C74AB4C0017DB20 /* Base */ = {isa = PBXFileReference; lastKnownFileType = file.storyboard; name = Base; path = Base.lproj/Main.storyboard; sourceTree = "<group>"; };
		65EA759A1C74AB4C0017DB20 /* Assets.xcassets */ = {isa = PBXFileReference; lastKnownFileType = folder.assetcatalog; path = Assets.xcassets; sourceTree = "<group>"; };
		65EA759D1C74AB4C0017DB20 /* Base */ = {isa = PBXFileReference; lastKnownFileType = file.storyboard; name = Base; path = Base.lproj/LaunchScreen.storyboard; sourceTree = "<group>"; };
		65EA759F1C74AB4C0017DB20 /* Info.plist */ = {isa = PBXFileReference; lastKnownFileType = text.plist.xml; path = Info.plist; sourceTree = "<group>"; };
		65EA76001C74C18A0017DB20 /* XFEssenceViewController.h */ = {isa = PBXFileReference; fileEncoding = 4; lastKnownFileType = sourcecode.c.h; path = XFEssenceViewController.h; sourceTree = "<group>"; };
		65EA76011C74C18A0017DB20 /* XFEssenceViewController.m */ = {isa = PBXFileReference; fileEncoding = 4; lastKnownFileType = sourcecode.c.objc; path = XFEssenceViewController.m; sourceTree = "<group>"; };
		65EA76071C74C18A0017DB20 /* XFLatestViewController.h */ = {isa = PBXFileReference; fileEncoding = 4; lastKnownFileType = sourcecode.c.h; path = XFLatestViewController.h; sourceTree = "<group>"; };
		65EA76081C74C18A0017DB20 /* XFLatestViewController.m */ = {isa = PBXFileReference; fileEncoding = 4; lastKnownFileType = sourcecode.c.objc; path = XFLatestViewController.m; sourceTree = "<group>"; };
		65EA76111C74C18A0017DB20 /* XFMeViewController.h */ = {isa = PBXFileReference; fileEncoding = 4; lastKnownFileType = sourcecode.c.h; path = XFMeViewController.h; sourceTree = "<group>"; };
		65EA76121C74C18A0017DB20 /* XFMeViewController.m */ = {isa = PBXFileReference; fileEncoding = 4; lastKnownFileType = sourcecode.c.objc; path = XFMeViewController.m; sourceTree = "<group>"; };
		65EA761C1C74C1A70017DB20 /* AppDelegate.h */ = {isa = PBXFileReference; fileEncoding = 4; lastKnownFileType = sourcecode.c.h; path = AppDelegate.h; sourceTree = "<group>"; };
		65EA761D1C74C1A70017DB20 /* AppDelegate.m */ = {isa = PBXFileReference; fileEncoding = 4; lastKnownFileType = sourcecode.c.objc; path = AppDelegate.m; sourceTree = "<group>"; };
		65EA76281C74C54E0017DB20 /* UIView+Extension.h */ = {isa = PBXFileReference; fileEncoding = 4; lastKnownFileType = sourcecode.c.h; path = "UIView+Extension.h"; sourceTree = "<group>"; };
		65EA76291C74C54E0017DB20 /* UIView+Extension.m */ = {isa = PBXFileReference; fileEncoding = 4; lastKnownFileType = sourcecode.c.objc; path = "UIView+Extension.m"; sourceTree = "<group>"; };
		65EA762B1C74C5840017DB20 /* PrefixHeader.pch */ = {isa = PBXFileReference; fileEncoding = 4; lastKnownFileType = sourcecode.c.h; path = PrefixHeader.pch; sourceTree = "<group>"; };
		65FAABB51C8155A700A3C971 /* XFDetailPictureController.h */ = {isa = PBXFileReference; fileEncoding = 4; lastKnownFileType = sourcecode.c.h; path = XFDetailPictureController.h; sourceTree = "<group>"; };
		65FAABB61C8155A700A3C971 /* XFDetailPictureController.m */ = {isa = PBXFileReference; fileEncoding = 4; lastKnownFileType = sourcecode.c.objc; path = XFDetailPictureController.m; sourceTree = "<group>"; };
		65FE4B381C8884B900A4BA45 /* UIImageView+Header.h */ = {isa = PBXFileReference; fileEncoding = 4; lastKnownFileType = sourcecode.c.h; path = "UIImageView+Header.h"; sourceTree = "<group>"; };
		65FE4B391C8884B900A4BA45 /* UIImageView+Header.m */ = {isa = PBXFileReference; fileEncoding = 4; lastKnownFileType = sourcecode.c.objc; path = "UIImageView+Header.m"; sourceTree = "<group>"; };
		65FE4B3B1C88850600A4BA45 /* UIImage+XFCircle.h */ = {isa = PBXFileReference; fileEncoding = 4; lastKnownFileType = sourcecode.c.h; path = "UIImage+XFCircle.h"; sourceTree = "<group>"; };
		65FE4B3C1C88850600A4BA45 /* UIImage+XFCircle.m */ = {isa = PBXFileReference; fileEncoding = 4; lastKnownFileType = sourcecode.c.objc; path = "UIImage+XFCircle.m"; sourceTree = "<group>"; };
		65FE4B3E1C888BBA00A4BA45 /* XFMeCell.h */ = {isa = PBXFileReference; fileEncoding = 4; lastKnownFileType = sourcecode.c.h; name = XFMeCell.h; path = XFBaiSiBuDeJie/Classes/Category/XFMeCell.h; sourceTree = SOURCE_ROOT; };
		65FE4B3F1C888BBA00A4BA45 /* XFMeCell.m */ = {isa = PBXFileReference; fileEncoding = 4; lastKnownFileType = sourcecode.c.objc; name = XFMeCell.m; path = XFBaiSiBuDeJie/Classes/Category/XFMeCell.m; sourceTree = SOURCE_ROOT; };
		65FE4B441C896C4500A4BA45 /* XFSquareCell.h */ = {isa = PBXFileReference; fileEncoding = 4; lastKnownFileType = sourcecode.c.h; name = XFSquareCell.h; path = XFBaiSiBuDeJie/Classes/Category/XFSquareCell.h; sourceTree = SOURCE_ROOT; };
		65FE4B451C896C4500A4BA45 /* XFSquareCell.m */ = {isa = PBXFileReference; fileEncoding = 4; lastKnownFileType = sourcecode.c.objc; name = XFSquareCell.m; path = XFBaiSiBuDeJie/Classes/Category/XFSquareCell.m; sourceTree = SOURCE_ROOT; };
		65FE4B471C896D1400A4BA45 /* XFSquare.h */ = {isa = PBXFileReference; fileEncoding = 4; lastKnownFileType = sourcecode.c.h; name = XFSquare.h; path = XFBaiSiBuDeJie/Classes/Category/XFSquare.h; sourceTree = SOURCE_ROOT; };
		65FE4B481C896D1400A4BA45 /* XFSquare.m */ = {isa = PBXFileReference; fileEncoding = 4; lastKnownFileType = sourcecode.c.objc; name = XFSquare.m; path = XFBaiSiBuDeJie/Classes/Category/XFSquare.m; sourceTree = SOURCE_ROOT; };
		65FE4B4A1C896D4700A4BA45 /* XFSquareTool.h */ = {isa = PBXFileReference; fileEncoding = 4; lastKnownFileType = sourcecode.c.h; name = XFSquareTool.h; path = XFBaiSiBuDeJie/Classes/Category/XFSquareTool.h; sourceTree = SOURCE_ROOT; };
		65FE4B4B1C896D4700A4BA45 /* XFSquareTool.m */ = {isa = PBXFileReference; fileEncoding = 4; lastKnownFileType = sourcecode.c.objc; name = XFSquareTool.m; path = XFBaiSiBuDeJie/Classes/Category/XFSquareTool.m; sourceTree = SOURCE_ROOT; };
		65FE4B4D1C897F1900A4BA45 /* XFSquareButton.h */ = {isa = PBXFileReference; fileEncoding = 4; lastKnownFileType = sourcecode.c.h; name = XFSquareButton.h; path = XFBaiSiBuDeJie/Classes/Category/XFSquareButton.h; sourceTree = SOURCE_ROOT; };
		65FE4B4E1C897F1900A4BA45 /* XFSquareButton.m */ = {isa = PBXFileReference; fileEncoding = 4; lastKnownFileType = sourcecode.c.objc; name = XFSquareButton.m; path = XFBaiSiBuDeJie/Classes/Category/XFSquareButton.m; sourceTree = SOURCE_ROOT; };
		65FE4B8F1C89D2FF00A4BA45 /* XFSquareFooterView.h */ = {isa = PBXFileReference; fileEncoding = 4; lastKnownFileType = sourcecode.c.h; path = XFSquareFooterView.h; sourceTree = "<group>"; };
		65FE4B901C89D2FF00A4BA45 /* XFSquareFooterView.m */ = {isa = PBXFileReference; fileEncoding = 4; lastKnownFileType = sourcecode.c.objc; path = XFSquareFooterView.m; sourceTree = "<group>"; };
		93C111E3628DDD5B6A1F02D9 /* Pods.debug.xcconfig */ = {isa = PBXFileReference; includeInIndex = 1; lastKnownFileType = text.xcconfig; name = Pods.debug.xcconfig; path = "Pods/Target Support Files/Pods/Pods.debug.xcconfig"; sourceTree = "<group>"; };
		E95CFFAFAF3A502F07AE5DD2 /* Pods.release.xcconfig */ = {isa = PBXFileReference; includeInIndex = 1; lastKnownFileType = text.xcconfig; name = Pods.release.xcconfig; path = "Pods/Target Support Files/Pods/Pods.release.xcconfig"; sourceTree = "<group>"; };
		FF97E68F796933B40822AB81 /* Pods.framework */ = {isa = PBXFileReference; explicitFileType = wrapper.framework; includeInIndex = 0; path = Pods.framework; sourceTree = BUILT_PRODUCTS_DIR; };
/* End PBXFileReference section */

/* Begin PBXFrameworksBuildPhase section */
		65EA75881C74AB4C0017DB20 /* Frameworks */ = {
			isa = PBXFrameworksBuildPhase;
			buildActionMask = 2147483647;
			files = (
				65A2AB611C91A8C700BF2B8F /* AudioToolbox.framework in Frameworks */,
				65A2AB4F1C8F01BE00BF2B8F /* MediaPlayer.framework in Frameworks */,
				65A2AB4E1C8F01B500BF2B8F /* AVFoundation.framework in Frameworks */,
				9F1B78C58CDAEB38BB9F5CEA /* Pods.framework in Frameworks */,
			);
			runOnlyForDeploymentPostprocessing = 0;
		};
/* End PBXFrameworksBuildPhase section */

/* Begin PBXGroup section */
		4C2E2ACE3CE0AB82CF3D16E7 /* Pods */ = {
			isa = PBXGroup;
			children = (
				93C111E3628DDD5B6A1F02D9 /* Pods.debug.xcconfig */,
				E95CFFAFAF3A502F07AE5DD2 /* Pods.release.xcconfig */,
			);
			name = Pods;
			sourceTree = "<group>";
		};
		6525F16B1C991641006BCD89 /* Tool */ = {
			isa = PBXGroup;
			children = (
				6525F16C1C991641006BCD89 /* HttpTool.h */,
				6525F16D1C991641006BCD89 /* HttpTool.m */,
			);
			path = Tool;
			sourceTree = "<group>";
		};
		652CB26D1C78E1830027B71B /* Controller */ = {
			isa = PBXGroup;
			children = (
			);
			path = Controller;
			sourceTree = "<group>";
		};
		652CB26E1C78E1830027B71B /* View */ = {
			isa = PBXGroup;
			children = (
				65AD11A91C84D26C00E994F1 /* XFShowWordBtn.h */,
				65AD11AA1C84D26C00E994F1 /* XFShowWordBtn.m */,
				652CB26F1C78E1B20027B71B /* XFGuideView.h */,
				652CB2701C78E1B20027B71B /* XFGuideView.m */,
				652CB2721C78E1C00027B71B /* XFGuideView.xib */,
			);
			path = View;
			sourceTree = "<group>";
		};
		65A2AB591C8FF15700BF2B8F /* KRVideoPlayerController */ = {
			isa = PBXGroup;
			children = (
				6525F16F1C991650006BCD89 /* XFVociePlayerController.h */,
				6525F1701C991650006BCD89 /* XFVociePlayerController.m */,
				6525F1711C991650006BCD89 /* XFVociePlayerController.xib */,
				65A2AB5A1C8FF15700BF2B8F /* KRVideoPlayerController.h */,
				65A2AB5B1C8FF15700BF2B8F /* KRVideoPlayerController.m */,
				65A2AB5C1C8FF15700BF2B8F /* KRVideoPlayerControlView.h */,
				65A2AB5D1C8FF15700BF2B8F /* KRVideoPlayerControlView.m */,
			);
			path = KRVideoPlayerController;
			sourceTree = "<group>";
		};
		65AD11801C84D18600E994F1 /* Controller */ = {
			isa = PBXGroup;
			children = (
				65AD119E1C84D1CB00E994F1 /* XFConcernViewController.h */,
				65AD119F1C84D1CB00E994F1 /* XFConcernViewController.m */,
				65AD11811C84D18600E994F1 /* XFConcernViewController.xib */,
				65AD11821C84D18600E994F1 /* XFRecommendViewController.h */,
				65AD11831C84D18600E994F1 /* XFRecommendViewController.m */,
				65AD11841C84D18600E994F1 /* XFRecommendViewController.xib */,
				65AD11A11C84D1F500E994F1 /* XFLoginViewController.h */,
				65AD11A21C84D1F500E994F1 /* XFLoginViewController.m */,
				65AD11A31C84D1F500E994F1 /* XFLoginViewController.xib */,
			);
			path = Controller;
			sourceTree = "<group>";
		};
		65AD11851C84D18600E994F1 /* Model */ = {
			isa = PBXGroup;
			children = (
				65AD11861C84D18600E994F1 /* XFCategoryModel.h */,
				65AD11871C84D18600E994F1 /* XFCategoryModel.m */,
				65AD11881C84D18600E994F1 /* XFMainTableModel.h */,
				65AD11891C84D18600E994F1 /* XFMainTableModel.m */,
			);
			path = Model;
			sourceTree = "<group>";
		};
		65AD118A1C84D18600E994F1 /* Tool */ = {
			isa = PBXGroup;
			children = (
				65AD118B1C84D18600E994F1 /* XFRcommandDataTool.h */,
				65AD118C1C84D18600E994F1 /* XFRcommandDataTool.m */,
			);
			path = Tool;
			sourceTree = "<group>";
		};
		65AD118D1C84D18600E994F1 /* View */ = {
			isa = PBXGroup;
			children = (
				65AD11A61C84D23500E994F1 /* XFTextfield.h */,
				65AD11A71C84D23500E994F1 /* XFTextfield.m */,
				65AD118E1C84D18600E994F1 /* XFCategoryCell.h */,
				65AD118F1C84D18600E994F1 /* XFCategoryCell.m */,
				65AD11901C84D18600E994F1 /* XFCategoryCell.xib */,
				65AD11911C84D18600E994F1 /* XFMainTableCell.h */,
				65AD11921C84D18600E994F1 /* XFMainTableCell.m */,
				65AD11931C84D18600E994F1 /* XFMainTableCell.xib */,
			);
			path = View;
			sourceTree = "<group>";
		};
		65AD11AC1C84D2B300E994F1 /* Lib */ = {
			isa = PBXGroup;
			children = (
				6525F16B1C991641006BCD89 /* Tool */,
				65A2AB591C8FF15700BF2B8F /* KRVideoPlayerController */,
			);
			path = Lib;
			sourceTree = "<group>";
		};
		65AD11B01C84D32F00E994F1 /* Controller */ = {
			isa = PBXGroup;
			children = (
				65AD11B11C84D32F00E994F1 /* XFNavigationController.h */,
				65AD11B21C84D32F00E994F1 /* XFNavigationController.m */,
				65AD11B31C84D32F00E994F1 /* XFTabBarViewController.h */,
				65AD11B41C84D32F00E994F1 /* XFTabBarViewController.m */,
			);
			path = Controller;
			sourceTree = "<group>";
		};
		65AD11B51C84D32F00E994F1 /* View */ = {
			isa = PBXGroup;
			children = (
				65AD11B61C84D32F00E994F1 /* XFPublishView.h */,
				65AD11B71C84D32F00E994F1 /* XFPublishView.m */,
				65AD11B81C84D32F00E994F1 /* XFPublishView.xib */,
				65AD11B91C84D32F00E994F1 /* XFTabBar.h */,
				65AD11BA1C84D32F00E994F1 /* XFTabBar.m */,
			);
			path = View;
			sourceTree = "<group>";
		};
		65EA75821C74AB4C0017DB20 = {
			isa = PBXGroup;
			children = (
				65EA758D1C74AB4C0017DB20 /* XFBaiSiBuDeJie */,
				65EA758C1C74AB4C0017DB20 /* Products */,
				4C2E2ACE3CE0AB82CF3D16E7 /* Pods */,
				A665137DCAB793132FF0FD7E /* Frameworks */,
			);
			sourceTree = "<group>";
		};
		65EA758C1C74AB4C0017DB20 /* Products */ = {
			isa = PBXGroup;
			children = (
				65EA758B1C74AB4C0017DB20 /* XFBaiSiBuDeJie.app */,
			);
			name = Products;
			sourceTree = "<group>";
		};
		65EA758D1C74AB4C0017DB20 /* XFBaiSiBuDeJie */ = {
			isa = PBXGroup;
			children = (
				65EA75F41C74C18A0017DB20 /* Classes */,
				65EA758E1C74AB4C0017DB20 /* Supporting Files */,
			);
			path = XFBaiSiBuDeJie;
			sourceTree = "<group>";
		};
		65EA758E1C74AB4C0017DB20 /* Supporting Files */ = {
			isa = PBXGroup;
			children = (
				65EA759A1C74AB4C0017DB20 /* Assets.xcassets */,
				65EA75971C74AB4C0017DB20 /* Main.storyboard */,
				65EA759C1C74AB4C0017DB20 /* LaunchScreen.storyboard */,
				65EA759F1C74AB4C0017DB20 /* Info.plist */,
				65EA758F1C74AB4C0017DB20 /* main.m */,
			);
			name = "Supporting Files";
			sourceTree = "<group>";
		};
		65EA75F41C74C18A0017DB20 /* Classes */ = {
			isa = PBXGroup;
			children = (
				65EA75F51C74C18A0017DB20 /* AppDelegate */,
				65EA75F61C74C18A0017DB20 /* Category */,
				65EA75F71C74C18A0017DB20 /* Concern */,
				65EA75FE1C74C18A0017DB20 /* Essence */,
				65EA76051C74C18A0017DB20 /* Latest */,
				65EA760C1C74C18A0017DB20 /* Main */,
				65EA760F1C74C18A0017DB20 /* Me */,
				65AD11AC1C84D2B300E994F1 /* Lib */,
				65EA76161C74C18A0017DB20 /* Other */,
			);
			path = Classes;
			sourceTree = "<group>";
		};
		65EA75F51C74C18A0017DB20 /* AppDelegate */ = {
			isa = PBXGroup;
			children = (
				65EA761C1C74C1A70017DB20 /* AppDelegate.h */,
				65EA761D1C74C1A70017DB20 /* AppDelegate.m */,
			);
			path = AppDelegate;
			sourceTree = "<group>";
		};
		65EA75F61C74C18A0017DB20 /* Category */ = {
			isa = PBXGroup;
			children = (
				65EA76281C74C54E0017DB20 /* UIView+Extension.h */,
				65EA76291C74C54E0017DB20 /* UIView+Extension.m */,
				65FE4B3B1C88850600A4BA45 /* UIImage+XFCircle.h */,
				65FE4B3C1C88850600A4BA45 /* UIImage+XFCircle.m */,
				65FE4B381C8884B900A4BA45 /* UIImageView+Header.h */,
				65FE4B391C8884B900A4BA45 /* UIImageView+Header.m */,
				6525F1681C982E46006BCD89 /* NSString+XFTime.h */,
				6525F1691C982E46006BCD89 /* NSString+XFTime.m */,
			);
			path = Category;
			sourceTree = "<group>";
		};
		65EA75F71C74C18A0017DB20 /* Concern */ = {
			isa = PBXGroup;
			children = (
				65AD11801C84D18600E994F1 /* Controller */,
				65AD11851C84D18600E994F1 /* Model */,
				65AD118A1C84D18600E994F1 /* Tool */,
				65AD118D1C84D18600E994F1 /* View */,
			);
			path = Concern;
			sourceTree = "<group>";
		};
		65EA75FE1C74C18A0017DB20 /* Essence */ = {
			isa = PBXGroup;
			children = (
				65EA75FF1C74C18A0017DB20 /* Controller */,
				65EA76021C74C18A0017DB20 /* Model */,
				65EA76031C74C18A0017DB20 /* Tool */,
				65EA76041C74C18A0017DB20 /* View */,
			);
			path = Essence;
			sourceTree = "<group>";
		};
		65EA75FF1C74C18A0017DB20 /* Controller */ = {
			isa = PBXGroup;
			children = (
				65EA76001C74C18A0017DB20 /* XFEssenceViewController.h */,
				65EA76011C74C18A0017DB20 /* XFEssenceViewController.m */,
				65A284591C79956800D8031B /* XFVocieViewController.h */,
				65A2845A1C79956800D8031B /* XFVocieViewController.m */,
				65A2845C1C79957D00D8031B /* XFPictrueViewController.h */,
				65A2845D1C79957D00D8031B /* XFPictrueViewController.m */,
				65A2845F1C79958800D8031B /* XFVideoViewController.h */,
				65A284601C79958800D8031B /* XFVideoViewController.m */,
				65A284621C7995BD00D8031B /* XFTalkViewController.h */,
				65A284631C7995BD00D8031B /* XFTalkViewController.m */,
				65A284651C799A9400D8031B /* XFAllViewController.h */,
				65A284661C799A9400D8031B /* XFAllViewController.m */,
				65FAABB51C8155A700A3C971 /* XFDetailPictureController.h */,
				65FAABB61C8155A700A3C971 /* XFDetailPictureController.m */,
				650742701C8570720069A37A /* XFCommentViewController.h */,
				650742711C8570720069A37A /* XFCommentViewController.m */,
				650742721C8570720069A37A /* XFCommentViewController.xib */,
			);
			path = Controller;
			sourceTree = "<group>";
		};
		65EA76021C74C18A0017DB20 /* Model */ = {
			isa = PBXGroup;
			children = (
				65A2846B1C7B33E700D8031B /* XFTopicModel.h */,
				65A2846C1C7B33E700D8031B /* XFTopicModel.m */,
				65752E331C7D8F7C0005CCB2 /* XFTopicFrame.h */,
				65752E341C7D8F7C0005CCB2 /* XFTopicFrame.m */,
				65AD11741C8362C700E994F1 /* XFUserModel.h */,
				65AD11751C8362C700E994F1 /* XFUserModel.m */,
				65AD11771C8362D300E994F1 /* XFCommentModel.h */,
				65AD11781C8362D300E994F1 /* XFCommentModel.m */,
			);
			path = Model;
			sourceTree = "<group>";
		};
		65EA76031C74C18A0017DB20 /* Tool */ = {
			isa = PBXGroup;
			children = (
				65A284681C7B2DE500D8031B /* XFModuleDataTool.h */,
				65A284691C7B2DE500D8031B /* XFModuleDataTool.m */,
			);
			path = Tool;
			sourceTree = "<group>";
		};
		65EA76041C74C18A0017DB20 /* View */ = {
			isa = PBXGroup;
			children = (
				65A2846E1C7B355D00D8031B /* XFTopicCell.h */,
				65A2846F1C7B355D00D8031B /* XFTopicCell.m */,
				65A284701C7B355D00D8031B /* XFTopicCell.xib */,
				65752E2E1C7C9E120005CCB2 /* XFContentPictureView.h */,
				65752E2F1C7C9E120005CCB2 /* XFContentPictureView.m */,
				65752E311C7C9E3F0005CCB2 /* XFContentPictureView.xib */,
				65752E361C7D9DBC0005CCB2 /* XFContentVoiceView.h */,
				65752E371C7D9DBC0005CCB2 /* XFContentVoiceView.m */,
				65AD116D1C83208300E994F1 /* XFContentVoiceView.xib */,
				65752E391C7D9DCD0005CCB2 /* XFContentVideoView.h */,
				65752E3A1C7D9DCD0005CCB2 /* XFContentVideoView.m */,
				65AD11721C833C0C00E994F1 /* XFContentVideoView.xib */,
				650742751C8580BA0069A37A /* XFCommentCell.h */,
				650742761C8580BA0069A37A /* XFCommentCell.m */,
				650742771C8580BA0069A37A /* XFCommentCell.xib */,
			);
			path = View;
			sourceTree = "<group>";
		};
		65EA76051C74C18A0017DB20 /* Latest */ = {
			isa = PBXGroup;
			children = (
				65EA76061C74C18A0017DB20 /* Controller */,
				65EA76091C74C18A0017DB20 /* Model */,
				65EA760A1C74C18A0017DB20 /* Tool */,
				65EA760B1C74C18A0017DB20 /* View */,
			);
			path = Latest;
			sourceTree = "<group>";
		};
		65EA76061C74C18A0017DB20 /* Controller */ = {
			isa = PBXGroup;
			children = (
				65EA76071C74C18A0017DB20 /* XFLatestViewController.h */,
				65EA76081C74C18A0017DB20 /* XFLatestViewController.m */,
			);
			path = Controller;
			sourceTree = "<group>";
		};
		65EA76091C74C18A0017DB20 /* Model */ = {
			isa = PBXGroup;
			children = (
			);
			path = Model;
			sourceTree = "<group>";
		};
		65EA760A1C74C18A0017DB20 /* Tool */ = {
			isa = PBXGroup;
			children = (
			);
			path = Tool;
			sourceTree = "<group>";
		};
		65EA760B1C74C18A0017DB20 /* View */ = {
			isa = PBXGroup;
			children = (
			);
			path = View;
			sourceTree = "<group>";
		};
		65EA760C1C74C18A0017DB20 /* Main */ = {
			isa = PBXGroup;
			children = (
				65AD11B01C84D32F00E994F1 /* Controller */,
				65AD11B51C84D32F00E994F1 /* View */,
			);
			path = Main;
			sourceTree = "<group>";
		};
		65EA760F1C74C18A0017DB20 /* Me */ = {
			isa = PBXGroup;
			children = (
				65EA76101C74C18A0017DB20 /* Controller */,
				65EA76131C74C18A0017DB20 /* Model */,
				65EA76141C74C18A0017DB20 /* Tool */,
				65EA76151C74C18A0017DB20 /* View */,
			);
			path = Me;
			sourceTree = "<group>";
		};
		65EA76101C74C18A0017DB20 /* Controller */ = {
			isa = PBXGroup;
			children = (
				65EA76111C74C18A0017DB20 /* XFMeViewController.h */,
				65EA76121C74C18A0017DB20 /* XFMeViewController.m */,
				657E659A1C89DBD2005D6D8E /* XFWebviewController.h */,
				657E659B1C89DBD2005D6D8E /* XFWebviewController.m */,
			);
			path = Controller;
			sourceTree = "<group>";
		};
		65EA76131C74C18A0017DB20 /* Model */ = {
			isa = PBXGroup;
			children = (
				65FE4B471C896D1400A4BA45 /* XFSquare.h */,
				65FE4B481C896D1400A4BA45 /* XFSquare.m */,
			);
			path = Model;
			sourceTree = "<group>";
		};
		65EA76141C74C18A0017DB20 /* Tool */ = {
			isa = PBXGroup;
			children = (
				65FE4B4A1C896D4700A4BA45 /* XFSquareTool.h */,
				65FE4B4B1C896D4700A4BA45 /* XFSquareTool.m */,
			);
			path = Tool;
			sourceTree = "<group>";
		};
		65EA76151C74C18A0017DB20 /* View */ = {
			isa = PBXGroup;
			children = (
				65FE4B3E1C888BBA00A4BA45 /* XFMeCell.h */,
				65FE4B3F1C888BBA00A4BA45 /* XFMeCell.m */,
				65FE4B441C896C4500A4BA45 /* XFSquareCell.h */,
				65FE4B451C896C4500A4BA45 /* XFSquareCell.m */,
				65FE4B4D1C897F1900A4BA45 /* XFSquareButton.h */,
				65FE4B4E1C897F1900A4BA45 /* XFSquareButton.m */,
				65FE4B8F1C89D2FF00A4BA45 /* XFSquareFooterView.h */,
				65FE4B901C89D2FF00A4BA45 /* XFSquareFooterView.m */,
			);
			path = View;
			sourceTree = "<group>";
		};
		65EA76161C74C18A0017DB20 /* Other */ = {
			isa = PBXGroup;
			children = (
				652CB26D1C78E1830027B71B /* Controller */,
				652CB26E1C78E1830027B71B /* View */,
				65EA762B1C74C5840017DB20 /* PrefixHeader.pch */,
			);
			path = Other;
			sourceTree = "<group>";
		};
		A665137DCAB793132FF0FD7E /* Frameworks */ = {
			isa = PBXGroup;
			children = (
				65A2AB601C91A8C700BF2B8F /* AudioToolbox.framework */,
				65A2AB4C1C8EE31A00BF2B8F /* CoreMedia.framework */,
				65A2AB4A1C8EE2FA00BF2B8F /* AVFoundation.framework */,
				65A2AB481C8EC99F00BF2B8F /* MediaPlayer.framework */,
				FF97E68F796933B40822AB81 /* Pods.framework */,
			);
			name = Frameworks;
			sourceTree = "<group>";
		};
/* End PBXGroup section */

/* Begin PBXNativeTarget section */
		65EA758A1C74AB4C0017DB20 /* XFBaiSiBuDeJie */ = {
			isa = PBXNativeTarget;
			buildConfigurationList = 65EA75A21C74AB4C0017DB20 /* Build configuration list for PBXNativeTarget "XFBaiSiBuDeJie" */;
			buildPhases = (
				E20EAC8FA180FBF4795EEC3C /* Check Pods Manifest.lock */,
				65EA75871C74AB4C0017DB20 /* Sources */,
				65EA75881C74AB4C0017DB20 /* Frameworks */,
				65EA75891C74AB4C0017DB20 /* Resources */,
				5C537EFD111F11B589F9EB49 /* Embed Pods Frameworks */,
				36DC7830B24B1E15B1629FA1 /* Copy Pods Resources */,
			);
			buildRules = (
			);
			dependencies = (
			);
			name = XFBaiSiBuDeJie;
			productName = XFBaiSiBuDeJie;
			productReference = 65EA758B1C74AB4C0017DB20 /* XFBaiSiBuDeJie.app */;
			productType = "com.apple.product-type.application";
		};
/* End PBXNativeTarget section */

/* Begin PBXProject section */
		65EA75831C74AB4C0017DB20 /* Project object */ = {
			isa = PBXProject;
			attributes = {
				CLASSPREFIX = XF;
				LastUpgradeCheck = 0720;
				ORGANIZATIONNAME = "谢飞";
				TargetAttributes = {
					65EA758A1C74AB4C0017DB20 = {
						CreatedOnToolsVersion = 7.2;
						DevelopmentTeam = NRZG3Z79NX;
					};
				};
			};
			buildConfigurationList = 65EA75861C74AB4C0017DB20 /* Build configuration list for PBXProject "XFBaiSiBuDeJie" */;
			compatibilityVersion = "Xcode 3.2";
			developmentRegion = English;
			hasScannedForEncodings = 0;
			knownRegions = (
				en,
				Base,
			);
			mainGroup = 65EA75821C74AB4C0017DB20;
			productRefGroup = 65EA758C1C74AB4C0017DB20 /* Products */;
			projectDirPath = "";
			projectRoot = "";
			targets = (
				65EA758A1C74AB4C0017DB20 /* XFBaiSiBuDeJie */,
			);
		};
/* End PBXProject section */

/* Begin PBXResourcesBuildPhase section */
		65EA75891C74AB4C0017DB20 /* Resources */ = {
			isa = PBXResourcesBuildPhase;
			buildActionMask = 2147483647;
			files = (
				65752E321C7C9E3F0005CCB2 /* XFContentPictureView.xib in Resources */,
				65AD119D1C84D18700E994F1 /* XFMainTableCell.xib in Resources */,
				65AD11941C84D18600E994F1 /* XFConcernViewController.xib in Resources */,
				650742791C8580BA0069A37A /* XFCommentCell.xib in Resources */,
				65A284721C7B355D00D8031B /* XFTopicCell.xib in Resources */,
				65AD11731C833C0C00E994F1 /* XFContentVideoView.xib in Resources */,
				65AD11961C84D18600E994F1 /* XFRecommendViewController.xib in Resources */,
				650742741C8570720069A37A /* XFCommentViewController.xib in Resources */,
				65AD11BE1C84D32F00E994F1 /* XFPublishView.xib in Resources */,
				65EA759E1C74AB4C0017DB20 /* LaunchScreen.storyboard in Resources */,
				6525F1731C991650006BCD89 /* XFVociePlayerController.xib in Resources */,
				652CB2731C78E1C00027B71B /* XFGuideView.xib in Resources */,
				65AD116E1C83208300E994F1 /* XFContentVoiceView.xib in Resources */,
				65AD11A51C84D1F500E994F1 /* XFLoginViewController.xib in Resources */,
				65EA759B1C74AB4C0017DB20 /* Assets.xcassets in Resources */,
				65EA75991C74AB4C0017DB20 /* Main.storyboard in Resources */,
				65AD119B1C84D18700E994F1 /* XFCategoryCell.xib in Resources */,
			);
			runOnlyForDeploymentPostprocessing = 0;
		};
/* End PBXResourcesBuildPhase section */

/* Begin PBXShellScriptBuildPhase section */
		36DC7830B24B1E15B1629FA1 /* Copy Pods Resources */ = {
			isa = PBXShellScriptBuildPhase;
			buildActionMask = 2147483647;
			files = (
			);
			inputPaths = (
			);
			name = "Copy Pods Resources";
			outputPaths = (
			);
			runOnlyForDeploymentPostprocessing = 0;
			shellPath = /bin/sh;
			shellScript = "\"${SRCROOT}/Pods/Target Support Files/Pods/Pods-resources.sh\"\n";
			showEnvVarsInLog = 0;
		};
		5C537EFD111F11B589F9EB49 /* Embed Pods Frameworks */ = {
			isa = PBXShellScriptBuildPhase;
			buildActionMask = 2147483647;
			files = (
			);
			inputPaths = (
			);
			name = "Embed Pods Frameworks";
			outputPaths = (
			);
			runOnlyForDeploymentPostprocessing = 0;
			shellPath = /bin/sh;
			shellScript = "\"${SRCROOT}/Pods/Target Support Files/Pods/Pods-frameworks.sh\"\n";
			showEnvVarsInLog = 0;
		};
		E20EAC8FA180FBF4795EEC3C /* Check Pods Manifest.lock */ = {
			isa = PBXShellScriptBuildPhase;
			buildActionMask = 2147483647;
			files = (
			);
			inputPaths = (
			);
			name = "Check Pods Manifest.lock";
			outputPaths = (
			);
			runOnlyForDeploymentPostprocessing = 0;
			shellPath = /bin/sh;
			shellScript = "diff \"${PODS_ROOT}/../Podfile.lock\" \"${PODS_ROOT}/Manifest.lock\" > /dev/null\nif [[ $? != 0 ]] ; then\n    cat << EOM\nerror: The sandbox is not in sync with the Podfile.lock. Run 'pod install' or update your CocoaPods installation.\nEOM\n    exit 1\nfi\n";
			showEnvVarsInLog = 0;
		};
/* End PBXShellScriptBuildPhase section */

/* Begin PBXSourcesBuildPhase section */
		65EA75871C74AB4C0017DB20 /* Sources */ = {
			isa = PBXSourcesBuildPhase;
			buildActionMask = 2147483647;
			files = (
				65EA762A1C74C54E0017DB20 /* UIView+Extension.m in Sources */,
				65AD119A1C84D18700E994F1 /* XFCategoryCell.m in Sources */,
				65EA75901C74AB4C0017DB20 /* main.m in Sources */,
				65FE4B401C888BBA00A4BA45 /* XFMeCell.m in Sources */,
				65EA76191C74C18A0017DB20 /* XFLatestViewController.m in Sources */,
				650742731C8570720069A37A /* XFCommentViewController.m in Sources */,
				65AD11A81C84D23500E994F1 /* XFTextfield.m in Sources */,
				65A2846A1C7B2DE500D8031B /* XFModuleDataTool.m in Sources */,
				650742781C8580BA0069A37A /* XFCommentCell.m in Sources */,
				652CB2711C78E1B20027B71B /* XFGuideView.m in Sources */,
				65FE4B911C89D2FF00A4BA45 /* XFSquareFooterView.m in Sources */,
				6525F16A1C982E46006BCD89 /* NSString+XFTime.m in Sources */,
				65A284641C7995BD00D8031B /* XFTalkViewController.m in Sources */,
				65A284611C79958800D8031B /* XFVideoViewController.m in Sources */,
				65AD11BF1C84D32F00E994F1 /* XFTabBar.m in Sources */,
				65FAABB71C8155A700A3C971 /* XFDetailPictureController.m in Sources */,
				65AD11951C84D18600E994F1 /* XFRecommendViewController.m in Sources */,
				65A284671C799A9400D8031B /* XFAllViewController.m in Sources */,
				65FE4B491C896D1400A4BA45 /* XFSquare.m in Sources */,
				65752E3B1C7D9DCD0005CCB2 /* XFContentVideoView.m in Sources */,
				65A2845E1C79957D00D8031B /* XFPictrueViewController.m in Sources */,
				65A284711C7B355D00D8031B /* XFTopicCell.m in Sources */,
				65EA76181C74C18A0017DB20 /* XFEssenceViewController.m in Sources */,
				65AD11AB1C84D26C00E994F1 /* XFShowWordBtn.m in Sources */,
				65AD11791C8362D300E994F1 /* XFCommentModel.m in Sources */,
				6525F1721C991650006BCD89 /* XFVociePlayerController.m in Sources */,
				65EA761B1C74C18A0017DB20 /* XFMeViewController.m in Sources */,
				65FE4B461C896C4500A4BA45 /* XFSquareCell.m in Sources */,
				65AD11BB1C84D32F00E994F1 /* XFNavigationController.m in Sources */,
				65FE4B4C1C896D4700A4BA45 /* XFSquareTool.m in Sources */,
				65752E301C7C9E120005CCB2 /* XFContentPictureView.m in Sources */,
				6525F16E1C991641006BCD89 /* HttpTool.m in Sources */,
				65AD11BD1C84D32F00E994F1 /* XFPublishView.m in Sources */,
				65FE4B4F1C897F1900A4BA45 /* XFSquareButton.m in Sources */,
				65AD11A01C84D1CB00E994F1 /* XFConcernViewController.m in Sources */,
				65A2AB5E1C8FF15700BF2B8F /* KRVideoPlayerController.m in Sources */,
				65EA761E1C74C1A70017DB20 /* AppDelegate.m in Sources */,
				65FE4B3D1C88850600A4BA45 /* UIImage+XFCircle.m in Sources */,
				65AD11BC1C84D32F00E994F1 /* XFTabBarViewController.m in Sources */,
				65752E351C7D8F7C0005CCB2 /* XFTopicFrame.m in Sources */,
				65FE4B3A1C8884B900A4BA45 /* UIImageView+Header.m in Sources */,
				65AD11A41C84D1F500E994F1 /* XFLoginViewController.m in Sources */,
				65AD11991C84D18700E994F1 /* XFRcommandDataTool.m in Sources */,
				65752E381C7D9DBC0005CCB2 /* XFContentVoiceView.m in Sources */,
				65AD11761C8362C700E994F1 /* XFUserModel.m in Sources */,
				65A2846D1C7B33E700D8031B /* XFTopicModel.m in Sources */,
				657E659C1C89DBD2005D6D8E /* XFWebviewController.m in Sources */,
				65AD11981C84D18600E994F1 /* XFMainTableModel.m in Sources */,
				65A2845B1C79956800D8031B /* XFVocieViewController.m in Sources */,
				65AD11971C84D18600E994F1 /* XFCategoryModel.m in Sources */,
				65A2AB5F1C8FF15700BF2B8F /* KRVideoPlayerControlView.m in Sources */,
				65AD119C1C84D18700E994F1 /* XFMainTableCell.m in Sources */,
			);
			runOnlyForDeploymentPostprocessing = 0;
		};
/* End PBXSourcesBuildPhase section */

/* Begin PBXVariantGroup section */
		65EA75971C74AB4C0017DB20 /* Main.storyboard */ = {
			isa = PBXVariantGroup;
			children = (
				65EA75981C74AB4C0017DB20 /* Base */,
			);
			name = Main.storyboard;
			sourceTree = "<group>";
		};
		65EA759C1C74AB4C0017DB20 /* LaunchScreen.storyboard */ = {
			isa = PBXVariantGroup;
			children = (
				65EA759D1C74AB4C0017DB20 /* Base */,
			);
			name = LaunchScreen.storyboard;
			sourceTree = "<group>";
		};
/* End PBXVariantGroup section */

/* Begin XCBuildConfiguration section */
		65EA75A01C74AB4C0017DB20 /* Debug */ = {
			isa = XCBuildConfiguration;
			buildSettings = {
				ALWAYS_SEARCH_USER_PATHS = NO;
				CLANG_CXX_LANGUAGE_STANDARD = "gnu++0x";
				CLANG_CXX_LIBRARY = "libc++";
				CLANG_ENABLE_MODULES = YES;
				CLANG_ENABLE_OBJC_ARC = YES;
				CLANG_WARN_BOOL_CONVERSION = YES;
				CLANG_WARN_CONSTANT_CONVERSION = YES;
				CLANG_WARN_DIRECT_OBJC_ISA_USAGE = YES_ERROR;
				CLANG_WARN_EMPTY_BODY = YES;
				CLANG_WARN_ENUM_CONVERSION = YES;
				CLANG_WARN_INT_CONVERSION = YES;
				CLANG_WARN_OBJC_ROOT_CLASS = YES_ERROR;
				CLANG_WARN_UNREACHABLE_CODE = YES;
				CLANG_WARN__DUPLICATE_METHOD_MATCH = YES;
				"CODE_SIGN_IDENTITY[sdk=iphoneos*]" = "iPhone Developer";
				COPY_PHASE_STRIP = NO;
				DEBUG_INFORMATION_FORMAT = dwarf;
				ENABLE_STRICT_OBJC_MSGSEND = YES;
				ENABLE_TESTABILITY = YES;
				GCC_C_LANGUAGE_STANDARD = gnu99;
				GCC_DYNAMIC_NO_PIC = NO;
				GCC_NO_COMMON_BLOCKS = YES;
				GCC_OPTIMIZATION_LEVEL = 0;
				GCC_PREPROCESSOR_DEFINITIONS = (
					"DEBUG=1",
					"$(inherited)",
				);
				GCC_WARN_64_TO_32_BIT_CONVERSION = YES;
				GCC_WARN_ABOUT_RETURN_TYPE = YES_ERROR;
				GCC_WARN_UNDECLARED_SELECTOR = YES;
				GCC_WARN_UNINITIALIZED_AUTOS = YES_AGGRESSIVE;
				GCC_WARN_UNUSED_FUNCTION = YES;
				GCC_WARN_UNUSED_VARIABLE = YES;
				IPHONEOS_DEPLOYMENT_TARGET = 9.2;
				MTL_ENABLE_DEBUG_INFO = YES;
				ONLY_ACTIVE_ARCH = YES;
				SDKROOT = iphoneos;
			};
			name = Debug;
		};
		65EA75A11C74AB4C0017DB20 /* Release */ = {
			isa = XCBuildConfiguration;
			buildSettings = {
				ALWAYS_SEARCH_USER_PATHS = NO;
				CLANG_CXX_LANGUAGE_STANDARD = "gnu++0x";
				CLANG_CXX_LIBRARY = "libc++";
				CLANG_ENABLE_MODULES = YES;
				CLANG_ENABLE_OBJC_ARC = YES;
				CLANG_WARN_BOOL_CONVERSION = YES;
				CLANG_WARN_CONSTANT_CONVERSION = YES;
				CLANG_WARN_DIRECT_OBJC_ISA_USAGE = YES_ERROR;
				CLANG_WARN_EMPTY_BODY = YES;
				CLANG_WARN_ENUM_CONVERSION = YES;
				CLANG_WARN_INT_CONVERSION = YES;
				CLANG_WARN_OBJC_ROOT_CLASS = YES_ERROR;
				CLANG_WARN_UNREACHABLE_CODE = YES;
				CLANG_WARN__DUPLICATE_METHOD_MATCH = YES;
				"CODE_SIGN_IDENTITY[sdk=iphoneos*]" = "iPhone Developer";
				COPY_PHASE_STRIP = NO;
				DEBUG_INFORMATION_FORMAT = "dwarf-with-dsym";
				ENABLE_NS_ASSERTIONS = NO;
				ENABLE_STRICT_OBJC_MSGSEND = YES;
				GCC_C_LANGUAGE_STANDARD = gnu99;
				GCC_NO_COMMON_BLOCKS = YES;
				GCC_WARN_64_TO_32_BIT_CONVERSION = YES;
				GCC_WARN_ABOUT_RETURN_TYPE = YES_ERROR;
				GCC_WARN_UNDECLARED_SELECTOR = YES;
				GCC_WARN_UNINITIALIZED_AUTOS = YES_AGGRESSIVE;
				GCC_WARN_UNUSED_FUNCTION = YES;
				GCC_WARN_UNUSED_VARIABLE = YES;
				IPHONEOS_DEPLOYMENT_TARGET = 9.2;
				MTL_ENABLE_DEBUG_INFO = NO;
				SDKROOT = iphoneos;
				VALIDATE_PRODUCT = YES;
			};
			name = Release;
		};
		65EA75A31C74AB4C0017DB20 /* Debug */ = {
			isa = XCBuildConfiguration;
			baseConfigurationReference = 93C111E3628DDD5B6A1F02D9 /* Pods.debug.xcconfig */;
			buildSettings = {
				ASSETCATALOG_COMPILER_APPICON_NAME = AppIcon;
				ASSETCATALOG_COMPILER_LAUNCHIMAGE_NAME = "Brand Assets";
				GCC_PRECOMPILE_PREFIX_HEADER = NO;
				GCC_PREFIX_HEADER = "$(SRCROOT)/XFBaiSiBuDeJie/Classes/Other/PrefixHeader.pch";
				INFOPLIST_FILE = XFBaiSiBuDeJie/Info.plist;
				IPHONEOS_DEPLOYMENT_TARGET = 8.3;
				LD_RUNPATH_SEARCH_PATHS = "$(inherited) @executable_path/Frameworks";
				LIBRARY_SEARCH_PATHS = (
					"$(inherited)",
					"$(PROJECT_DIR)/XFBaiSiBuDeJie/Classes/Lib/VoiceConvert/opencore-amrnb",
					"$(PROJECT_DIR)/XFBaiSiBuDeJie/Classes/Lib/VoiceConvert/opencore-amrwb",
				);
				PRODUCT_BUNDLE_IDENTIFIER = com.alloc.XFBaiSiBuDeJie;
				PRODUCT_NAME = "$(TARGET_NAME)";
			};
			name = Debug;
		};
		65EA75A41C74AB4C0017DB20 /* Release */ = {
			isa = XCBuildConfiguration;
			baseConfigurationReference = E95CFFAFAF3A502F07AE5DD2 /* Pods.release.xcconfig */;
			buildSettings = {
				ASSETCATALOG_COMPILER_APPICON_NAME = AppIcon;
				ASSETCATALOG_COMPILER_LAUNCHIMAGE_NAME = "Brand Assets";
				GCC_PRECOMPILE_PREFIX_HEADER = NO;
				GCC_PREFIX_HEADER = "$(SRCROOT)/XFBaiSiBuDeJie/Classes/Other/PrefixHeader.pch";
				INFOPLIST_FILE = XFBaiSiBuDeJie/Info.plist;
				IPHONEOS_DEPLOYMENT_TARGET = 8.3;
				LD_RUNPATH_SEARCH_PATHS = "$(inherited) @executable_path/Frameworks";
				LIBRARY_SEARCH_PATHS = (
					"$(inherited)",
					"$(PROJECT_DIR)/XFBaiSiBuDeJie/Classes/Lib/VoiceConvert/opencore-amrnb",
					"$(PROJECT_DIR)/XFBaiSiBuDeJie/Classes/Lib/VoiceConvert/opencore-amrwb",
				);
				PRODUCT_BUNDLE_IDENTIFIER = com.alloc.XFBaiSiBuDeJie;
				PRODUCT_NAME = "$(TARGET_NAME)";
			};
			name = Release;
		};
/* End XCBuildConfiguration section */

/* Begin XCConfigurationList section */
		65EA75861C74AB4C0017DB20 /* Build configuration list for PBXProject "XFBaiSiBuDeJie" */ = {
			isa = XCConfigurationList;
			buildConfigurations = (
				65EA75A01C74AB4C0017DB20 /* Debug */,
				65EA75A11C74AB4C0017DB20 /* Release */,
			);
			defaultConfigurationIsVisible = 0;
			defaultConfigurationName = Release;
		};
		65EA75A21C74AB4C0017DB20 /* Build configuration list for PBXNativeTarget "XFBaiSiBuDeJie" */ = {
			isa = XCConfigurationList;
			buildConfigurations = (
				65EA75A31C74AB4C0017DB20 /* Debug */,
				65EA75A41C74AB4C0017DB20 /* Release */,
			);
			defaultConfigurationIsVisible = 0;
			defaultConfigurationName = Release;
		};
/* End XCConfigurationList section */
	};
	rootObject = 65EA75831C74AB4C0017DB20 /* Project object */;
}
